// !$*UTF8*$!
{
	archiveVersion = 1;
	classes = {
	};
	objectVersion = 77;
	objects = {

/* Begin PBXCopyFilesBuildPhase section */
		309E85BA2CCF9D5A00C1F988 /* CopyFiles */ = {
			isa = PBXCopyFilesBuildPhase;
			buildActionMask = 2147483647;
			dstPath = /usr/share/man/man1/;
			dstSubfolderSpec = 0;
			files = (
			);
			runOnlyForDeploymentPostprocessing = 1;
		};
/* End PBXCopyFilesBuildPhase section */

/* Begin PBXFileReference section */
		300D89742D0F25E10083B4F8 /* array_rainwatertrap.xcodeproj */ = {isa = PBXFileReference; lastKnownFileType = "wrapper.pb-project"; name = array_rainwatertrap.xcodeproj; path = ../array_rainwatertrap/array_rainwatertrap.xcodeproj; sourceTree = SOURCE_ROOT; };
		300D8A522D0F45F90083B4F8 /* array_beggarstory.xcodeproj */ = {isa = PBXFileReference; lastKnownFileType = "wrapper.pb-project"; name = array_beggarstory.xcodeproj; path = ../array_beggarstory/array_beggarstory.xcodeproj; sourceTree = SOURCE_ROOT; };
		3010A0872CD62FD900269053 /* EvenSubArrays.xcodeproj */ = {isa = PBXFileReference; lastKnownFileType = "wrapper.pb-project"; name = EvenSubArrays.xcodeproj; path = ../EvenSubArrays/EvenSubArrays.xcodeproj; sourceTree = SOURCE_ROOT; };
		3010A0F02CD68AAF00269053 /* LeaderInArray.xcodeproj */ = {isa = PBXFileReference; lastKnownFileType = "wrapper.pb-project"; name = LeaderInArray.xcodeproj; path = ../LeaderInArray/LeaderInArray.xcodeproj; sourceTree = SOURCE_ROOT; };
		3010A1322CD6A50900269053 /* sumOfSubArrays.xcodeproj */ = {isa = PBXFileReference; lastKnownFileType = "wrapper.pb-project"; name = sumOfSubArrays.xcodeproj; path = ../sumOfSubArrays/sumOfSubArrays.xcodeproj; sourceTree = SOURCE_ROOT; };
		30154D332CD158D100964821 /* rangeSum.xcodeproj */ = {isa = PBXFileReference; lastKnownFileType = "wrapper.pb-project"; name = rangeSum.xcodeproj; path = ../rangeSum/rangeSum.xcodeproj; sourceTree = SOURCE_ROOT; };
		30154D572CD272E400964821 /* specialIndex.xcodeproj */ = {isa = PBXFileReference; lastKnownFileType = "wrapper.pb-project"; name = specialIndex.xcodeproj; path = ../specialIndex/specialIndex.xcodeproj; sourceTree = SOURCE_ROOT; };
		30154D832CD4185000964821 /* nonDecreasingArr.xcodeproj */ = {isa = PBXFileReference; lastKnownFileType = "wrapper.pb-project"; name = nonDecreasingArr.xcodeproj; path = ../nonDecreasingArr/nonDecreasingArr.xcodeproj; sourceTree = SOURCE_ROOT; };
		30154DAF2CD4220A00964821 /* timetoEquality.xcodeproj */ = {isa = PBXFileReference; lastKnownFileType = "wrapper.pb-project"; name = timetoEquality.xcodeproj; path = ../timetoEquality/timetoEquality.xcodeproj; sourceTree = SOURCE_ROOT; };
		30154DCA2CD4265800964821 /* productPuzzle.xcodeproj */ = {isa = PBXFileReference; lastKnownFileType = "wrapper.pb-project"; name = productPuzzle.xcodeproj; path = ../productPuzzle/productPuzzle.xcodeproj; sourceTree = SOURCE_ROOT; };
		301611072D2A904C008B1E1B /* PN_DistinctPrimes.xcodeproj */ = {isa = PBXFileReference; lastKnownFileType = "wrapper.pb-project"; name = PN_DistinctPrimes.xcodeproj; path = ../PN_DistinctPrimes/PN_DistinctPrimes.xcodeproj; sourceTree = SOURCE_ROOT; };
		3020862F2CFF753C00F19646 /* LL_DesignLinkedList.xcodeproj */ = {isa = PBXFileReference; lastKnownFileType = "wrapper.pb-project"; name = LL_DesignLinkedList.xcodeproj; path = ../LL_DesignLinkedList/LL_DesignLinkedList.xcodeproj; sourceTree = SOURCE_ROOT; };
		3023AF712D2D657C0077A5FE /* sorting_mergesortdarrays.xcodeproj */ = {isa = PBXFileReference; lastKnownFileType = "wrapper.pb-project"; name = sorting_mergesortdarrays.xcodeproj; path = ../sorting_mergesortdarrays/sorting_mergesortdarrays.xcodeproj; sourceTree = SOURCE_ROOT; };
		3023B0BB2D2D7AD00077A5FE /* sorting_kthSmallest.xcodeproj */ = {isa = PBXFileReference; lastKnownFileType = "wrapper.pb-project"; name = sorting_kthSmallest.xcodeproj; path = ../sorting_kthSmallest/sorting_kthSmallest.xcodeproj; sourceTree = SOURCE_ROOT; };
		3023B0D62D2D918F0077A5FE /* sorting_consecutiveelements.xcodeproj */ = {isa = PBXFileReference; lastKnownFileType = "wrapper.pb-project"; name = sorting_consecutiveelements.xcodeproj; path = ../sorting_consecutiveelements/sorting_consecutiveelements.xcodeproj; sourceTree = SOURCE_ROOT; };
		3023B0F12D2EDDFA0077A5FE /* sorting_maxmod.xcodeproj */ = {isa = PBXFileReference; lastKnownFileType = "wrapper.pb-project"; name = sorting_maxmod.xcodeproj; path = ../sorting_maxmod/sorting_maxmod.xcodeproj; sourceTree = SOURCE_ROOT; };
		3023B10C2D2EFC110077A5FE /* sorting_mergesubarray.xcodeproj */ = {isa = PBXFileReference; lastKnownFileType = "wrapper.pb-project"; name = sorting_mergesubarray.xcodeproj; path = ../sorting_mergesubarray/sorting_mergesubarray.xcodeproj; sourceTree = SOURCE_ROOT; };
		3023B1272D2F02750077A5FE /* sorting_SortMergeSort.xcodeproj */ = {isa = PBXFileReference; lastKnownFileType = "wrapper.pb-project"; name = sorting_SortMergeSort.xcodeproj; path = ../sorting_SortMergeSort/sorting_SortMergeSort.xcodeproj; sourceTree = SOURCE_ROOT; };
		302CBE992CD7771400E8EE03 /* leastAvgSubArray.xcodeproj */ = {isa = PBXFileReference; lastKnownFileType = "wrapper.pb-project"; name = leastAvgSubArray.xcodeproj; path = ../leastAvgSubArray/leastAvgSubArray.xcodeproj; sourceTree = SOURCE_ROOT; };
		302CBEE12CD7E78E00E8EE03 /* maxSubArray.xcodeproj */ = {isa = PBXFileReference; lastKnownFileType = "wrapper.pb-project"; name = maxSubArray.xcodeproj; path = ../maxSubArray/maxSubArray.xcodeproj; sourceTree = SOURCE_ROOT; };
		302CBEFC2CD7EEA600E8EE03 /* countSubarray.xcodeproj */ = {isa = PBXFileReference; lastKnownFileType = "wrapper.pb-project"; name = countSubarray.xcodeproj; path = ../countSubarray/countSubarray.xcodeproj; sourceTree = SOURCE_ROOT; };
		303276562CFD6A9400B84426 /* LL_Basic.xcodeproj */ = {isa = PBXFileReference; lastKnownFileType = "wrapper.pb-project"; name = LL_Basic.xcodeproj; path = ../LL_Basic/LL_Basic.xcodeproj; sourceTree = SOURCE_ROOT; };
		303600DD2D1B309000122DE3 /* matrics_sumSubmatric.xcodeproj */ = {isa = PBXFileReference; lastKnownFileType = "wrapper.pb-project"; name = matrics_sumSubmatric.xcodeproj; path = ../matrics_sumSubmatric/matrics_sumSubmatric.xcodeproj; sourceTree = SOURCE_ROOT; };
		3036FFCB2D1B08B900122DE3 /* LL-SwapPairs.xcodeproj */ = {isa = PBXFileReference; lastKnownFileType = "wrapper.pb-project"; name = "LL-SwapPairs.xcodeproj"; path = "../LL-SwapPairs/LL-SwapPairs.xcodeproj"; sourceTree = SOURCE_ROOT; };
		30518FD72D1BE3EF002E54FF /* matrix_submatrixsumqueries.xcodeproj */ = {isa = PBXFileReference; lastKnownFileType = "wrapper.pb-project"; name = matrix_submatrixsumqueries.xcodeproj; path = ../matrix_submatrixsumqueries/matrix_submatrixsumqueries.xcodeproj; sourceTree = SOURCE_ROOT; };
		305190ED2D1C0691002E54FF /* matrix_findnumnerinsorted.xcodeproj */ = {isa = PBXFileReference; lastKnownFileType = "wrapper.pb-project"; name = matrix_findnumnerinsorted.xcodeproj; path = ../matrix_findnumnerinsorted/matrix_findnumnerinsorted.xcodeproj; sourceTree = SOURCE_ROOT; };
		3051910A2D1C1AE5002E54FF /* matrix_maxSumSubarray.xcodeproj */ = {isa = PBXFileReference; lastKnownFileType = "wrapper.pb-project"; name = matrix_maxSumSubarray.xcodeproj; path = ../matrix_maxSumSubarray/matrix_maxSumSubarray.xcodeproj; sourceTree = SOURCE_ROOT; };
		305720162CD60C62007E67DD /* amazingSubArr.xcodeproj */ = {isa = PBXFileReference; lastKnownFileType = "wrapper.pb-project"; name = amazingSubArr.xcodeproj; path = ../amazingSubArr/amazingSubArr.xcodeproj; sourceTree = SOURCE_ROOT; };
		305AB2702CDA87940077F006 /* goodSubArray.xcodeproj */ = {isa = PBXFileReference; lastKnownFileType = "wrapper.pb-project"; name = goodSubArray.xcodeproj; path = ../goodSubArray/goodSubArray.xcodeproj; sourceTree = SOURCE_ROOT; };
		305AB2C12CDA99410077F006 /* alternatingSubArray.xcodeproj */ = {isa = PBXFileReference; lastKnownFileType = "wrapper.pb-project"; name = alternatingSubArray.xcodeproj; path = ../alternatingSubArray/alternatingSubArray.xcodeproj; sourceTree = SOURCE_ROOT; };
		305AB31B2CDBCADB0077F006 /* matricAddition.xcodeproj */ = {isa = PBXFileReference; lastKnownFileType = "wrapper.pb-project"; name = matricAddition.xcodeproj; path = ../matricAddition/matricAddition.xcodeproj; sourceTree = SOURCE_ROOT; };
		305AB3722CDBEB6B0077F006 /* matrix_diagnols.xcodeproj */ = {isa = PBXFileReference; lastKnownFileType = "wrapper.pb-project"; name = matrix_diagnols.xcodeproj; path = ../matrix_diagnols/matrix_diagnols.xcodeproj; sourceTree = SOURCE_ROOT; };
		305AB38D2CDBFA1A0077F006 /* matrix_col_sum.xcodeproj */ = {isa = PBXFileReference; lastKnownFileType = "wrapper.pb-project"; name = matrix_col_sum.xcodeproj; path = ../matrix_col_sum/matrix_col_sum.xcodeproj; sourceTree = SOURCE_ROOT; };
		305AB3A82CDD373B0077F006 /* matrix_multi.xcodeproj */ = {isa = PBXFileReference; lastKnownFileType = "wrapper.pb-project"; name = matrix_multi.xcodeproj; path = ../matrix_multi/matrix_multi.xcodeproj; sourceTree = SOURCE_ROOT; };
		305AB3C32CDD3AF20077F006 /* matrix_sub.xcodeproj */ = {isa = PBXFileReference; lastKnownFileType = "wrapper.pb-project"; name = matrix_sub.xcodeproj; path = ../matrix_sub/matrix_sub.xcodeproj; sourceTree = SOURCE_ROOT; };
		305AB3DE2CDD41160077F006 /* matrix_transpose.xcodeproj */ = {isa = PBXFileReference; lastKnownFileType = "wrapper.pb-project"; name = matrix_transpose.xcodeproj; path = ../matrix_transpose/matrix_transpose.xcodeproj; sourceTree = SOURCE_ROOT; };
		305AB3E62CDD51640077F006 /* notes */ = {isa = PBXFileReference; lastKnownFileType = text; path = notes; sourceTree = "<group>"; };
		305AB3FA2CDEA1E70077F006 /* matrix_spiral.xcodeproj */ = {isa = PBXFileReference; lastKnownFileType = "wrapper.pb-project"; name = matrix_spiral.xcodeproj; path = ../matrix_spiral/matrix_spiral.xcodeproj; sourceTree = SOURCE_ROOT; };
		305AB4152CDEAE400077F006 /* matrix_rotate.xcodeproj */ = {isa = PBXFileReference; lastKnownFileType = "wrapper.pb-project"; name = matrix_rotate.xcodeproj; path = ../matrix_rotate/matrix_rotate.xcodeproj; sourceTree = SOURCE_ROOT; };
		305AB4872CDF79980077F006 /* matrix_equal.xcodeproj */ = {isa = PBXFileReference; lastKnownFileType = "wrapper.pb-project"; name = matrix_equal.xcodeproj; path = ../matrix_equal/matrix_equal.xcodeproj; sourceTree = SOURCE_ROOT; };
		305AB4F62CDF7D4E0077F006 /* matrix_scaler_multiplication.xcodeproj */ = {isa = PBXFileReference; lastKnownFileType = "wrapper.pb-project"; name = matrix_scaler_multiplication.xcodeproj; path = ../matrix_scaler_multiplication/matrix_scaler_multiplication.xcodeproj; sourceTree = SOURCE_ROOT; };
		305AB5112CDFCCD90077F006 /* matrix_minor_diagnol_sum.xcodeproj */ = {isa = PBXFileReference; lastKnownFileType = "wrapper.pb-project"; name = matrix_minor_diagnol_sum.xcodeproj; path = ../matrix_minor_diagnol_sum/matrix_minor_diagnol_sum.xcodeproj; sourceTree = SOURCE_ROOT; };
		305AB52C2CDFCFA40077F006 /* matrix_row_sum.xcodeproj */ = {isa = PBXFileReference; lastKnownFileType = "wrapper.pb-project"; name = matrix_row_sum.xcodeproj; path = ../matrix_row_sum/matrix_row_sum.xcodeproj; sourceTree = SOURCE_ROOT; };
		305AB5472CDFD9E20077F006 /* matrix_row_col_zero.xcodeproj */ = {isa = PBXFileReference; lastKnownFileType = "wrapper.pb-project"; name = matrix_row_col_zero.xcodeproj; path = ../matrix_row_col_zero/matrix_row_col_zero.xcodeproj; sourceTree = SOURCE_ROOT; };
		305AB5622CDFE7FE0077F006 /* matrix_sum_diagnol.xcodeproj */ = {isa = PBXFileReference; lastKnownFileType = "wrapper.pb-project"; name = matrix_sum_diagnol.xcodeproj; path = ../matrix_sum_diagnol/matrix_sum_diagnol.xcodeproj; sourceTree = SOURCE_ROOT; };
		305AB57F2CDFEC080077F006 /* array_min_swap.xcodeproj */ = {isa = PBXFileReference; lastKnownFileType = "wrapper.pb-project"; name = array_min_swap.xcodeproj; path = ../array_min_swap/array_min_swap.xcodeproj; sourceTree = SOURCE_ROOT; };
		305B1FD92CE163FF00B051A2 /* Array_100People.xcodeproj */ = {isa = PBXFileReference; lastKnownFileType = "wrapper.pb-project"; name = Array_100People.xcodeproj; path = ../Array_100People/Array_100People.xcodeproj; sourceTree = SOURCE_ROOT; };
		305B20D82CE234FD00B051A2 /* array_max_positivity.xcodeproj */ = {isa = PBXFileReference; lastKnownFileType = "wrapper.pb-project"; name = array_max_positivity.xcodeproj; path = ../array_max_positivity/array_max_positivity.xcodeproj; sourceTree = SOURCE_ROOT; };
		305B21652CE3CBC900B051A2 /* array_majority_element.xcodeproj */ = {isa = PBXFileReference; lastKnownFileType = "wrapper.pb-project"; name = array_majority_element.xcodeproj; path = ../array_majority_element/array_majority_element.xcodeproj; sourceTree = SOURCE_ROOT; };
		305B21FB2CE66DD300B051A2 /* bm_singleNumber.xcodeproj */ = {isa = PBXFileReference; lastKnownFileType = "wrapper.pb-project"; name = bm_singleNumber.xcodeproj; path = ../bm_singleNumber/bm_singleNumber.xcodeproj; sourceTree = SOURCE_ROOT; };
		305B228E2CE7589200B051A2 /* array_rect_angle.xcodeproj */ = {isa = PBXFileReference; lastKnownFileType = "wrapper.pb-project"; name = array_rect_angle.xcodeproj; path = ../array_rect_angle/array_rect_angle.xcodeproj; sourceTree = SOURCE_ROOT; };
		305B22A92CE7675D00B051A2 /* array_overalpping_rect.xcodeproj */ = {isa = PBXFileReference; lastKnownFileType = "wrapper.pb-project"; name = array_overalpping_rect.xcodeproj; path = ../array_overalpping_rect/array_overalpping_rect.xcodeproj; sourceTree = SOURCE_ROOT; };
		305B22C42CE7A68100B051A2 /* bm_add_binaryString.xcodeproj */ = {isa = PBXFileReference; lastKnownFileType = "wrapper.pb-project"; name = bm_add_binaryString.xcodeproj; path = ../bm_add_binaryString/bm_add_binaryString.xcodeproj; sourceTree = SOURCE_ROOT; };
		305B22DF2CE7E08200B051A2 /* bm_countSetBits.xcodeproj */ = {isa = PBXFileReference; lastKnownFileType = "wrapper.pb-project"; name = bm_countSetBits.xcodeproj; path = ../bm_countSetBits/bm_countSetBits.xcodeproj; sourceTree = SOURCE_ROOT; };
		305B22FA2CE7F0B000B051A2 /* bm_compressionProblem.xcodeproj */ = {isa = PBXFileReference; lastKnownFileType = "wrapper.pb-project"; name = bm_compressionProblem.xcodeproj; path = ../bm_compressionProblem/bm_compressionProblem.xcodeproj; sourceTree = SOURCE_ROOT; };
		306CC03C2D1899740091A42A /* DLL_SwapPairs.xcodeproj */ = {isa = PBXFileReference; lastKnownFileType = "wrapper.pb-project"; name = DLL_SwapPairs.xcodeproj; path = ../DLL_SwapPairs/DLL_SwapPairs.xcodeproj; sourceTree = SOURCE_ROOT; };
		307309152D17C5590014F6EE /* DLL_design.xcodeproj */ = {isa = PBXFileReference; lastKnownFileType = "wrapper.pb-project"; name = DLL_design.xcodeproj; path = ../DLL_design/DLL_design.xcodeproj; sourceTree = SOURCE_ROOT; };
		30730A142D17EEFF0014F6EE /* DLL_swapFirstLast.xcodeproj */ = {isa = PBXFileReference; lastKnownFileType = "wrapper.pb-project"; name = DLL_swapFirstLast.xcodeproj; path = ../DLL_swapFirstLast/DLL_swapFirstLast.xcodeproj; sourceTree = SOURCE_ROOT; };
		30730A2F2D187BAC0014F6EE /* DLL_reverse.xcodeproj */ = {isa = PBXFileReference; lastKnownFileType = "wrapper.pb-project"; name = DLL_reverse.xcodeproj; path = ../DLL_reverse/DLL_reverse.xcodeproj; sourceTree = SOURCE_ROOT; };
		30730A4A2D18874B0014F6EE /* DLL_isPalindrome.xcodeproj */ = {isa = PBXFileReference; lastKnownFileType = "wrapper.pb-project"; name = DLL_isPalindrome.xcodeproj; path = ../DLL_isPalindrome/DLL_isPalindrome.xcodeproj; sourceTree = SOURCE_ROOT; };
		30744B9D2CD4B67E008B2556 /* specialSubseq.xcodeproj */ = {isa = PBXFileReference; lastKnownFileType = "wrapper.pb-project"; name = specialSubseq.xcodeproj; path = ../specialSubseq/specialSubseq.xcodeproj; sourceTree = SOURCE_ROOT; };
		30744BD02CD4F611008B2556 /* closetMinMax.xcodeproj */ = {isa = PBXFileReference; lastKnownFileType = "wrapper.pb-project"; name = closetMinMax.xcodeproj; path = ../closetMinMax/closetMinMax.xcodeproj; sourceTree = SOURCE_ROOT; };
		3076CCAE2D316A30002ECDBC /* sorting_countswapinsertion.xcodeproj */ = {isa = PBXFileReference; lastKnownFileType = "wrapper.pb-project"; name = sorting_countswapinsertion.xcodeproj; path = ../sorting_countswapinsertion/sorting_countswapinsertion.xcodeproj; sourceTree = SOURCE_ROOT; };
		307D631B2D15E46B00B70A08 /* LL_removeDupl.xcodeproj */ = {isa = PBXFileReference; lastKnownFileType = "wrapper.pb-project"; name = LL_removeDupl.xcodeproj; path = ../LL_removeDupl/LL_removeDupl.xcodeproj; sourceTree = SOURCE_ROOT; };
		307D64112D16B27800B70A08 /* LL_Binary2Decci.xcodeproj */ = {isa = PBXFileReference; lastKnownFileType = "wrapper.pb-project"; name = LL_Binary2Decci.xcodeproj; path = ../LL_Binary2Decci/LL_Binary2Decci.xcodeproj; sourceTree = SOURCE_ROOT; };
		307D642C2D16C62600B70A08 /* LL_ReverseBetween.xcodeproj */ = {isa = PBXFileReference; lastKnownFileType = "wrapper.pb-project"; name = LL_ReverseBetween.xcodeproj; path = ../LL_ReverseBetween/LL_ReverseBetween.xcodeproj; sourceTree = SOURCE_ROOT; };
		307EB9872D1F124600B03C4F /* matrix_maxsubmatrixsum_sorted.xcodeproj */ = {isa = PBXFileReference; lastKnownFileType = "wrapper.pb-project"; name = matrix_maxsubmatrixsum_sorted.xcodeproj; path = ../matrix_maxsubmatrixsum_sorted/matrix_maxsubmatrixsum_sorted.xcodeproj; sourceTree = SOURCE_ROOT; };
		30833FA42D2A640400E044FA /* PN_LuckyNumbers.xcodeproj */ = {isa = PBXFileReference; lastKnownFileType = "wrapper.pb-project"; name = PN_LuckyNumbers.xcodeproj; path = ../PN_LuckyNumbers/PN_LuckyNumbers.xcodeproj; sourceTree = SOURCE_ROOT; };
		308340DF2D2A782B00E044FA /* bm_thriceNumbers.xcodeproj */ = {isa = PBXFileReference; lastKnownFileType = "wrapper.pb-project"; name = bm_thriceNumbers.xcodeproj; path = ../bm_thriceNumbers/bm_thriceNumbers.xcodeproj; sourceTree = SOURCE_ROOT; };
		30967D2D2D22C1A800C43307 /* arrays_mergeIntervals.xcodeproj */ = {isa = PBXFileReference; lastKnownFileType = "wrapper.pb-project"; name = arrays_mergeIntervals.xcodeproj; path = ../arrays_mergeIntervals/arrays_mergeIntervals.xcodeproj; sourceTree = SOURCE_ROOT; };
		30967E4D2D22FFB300C43307 /* arrays_missinginteger.xcodeproj */ = {isa = PBXFileReference; lastKnownFileType = "wrapper.pb-project"; name = arrays_missinginteger.xcodeproj; path = ../arrays_missinginteger/arrays_missinginteger.xcodeproj; sourceTree = SOURCE_ROOT; };
		309A04DD2CD551550089093A /* bulbs.xcodeproj */ = {isa = PBXFileReference; lastKnownFileType = "wrapper.pb-project"; name = bulbs.xcodeproj; path = ../bulbs/bulbs.xcodeproj; sourceTree = SOURCE_ROOT; };
		309E85BC2CCF9D5A00C1F988 /* dsa */ = {isa = PBXFileReference; explicitFileType = "compiled.mach-o.executable"; includeInIndex = 0; path = dsa; sourceTree = BUILT_PRODUCTS_DIR; };
		309E85D92CCF9DE700C1F988 /* rotateLeft.xcodeproj */ = {isa = PBXFileReference; lastKnownFileType = "wrapper.pb-project"; name = rotateLeft.xcodeproj; path = ../rotateLeft/rotateLeft.xcodeproj; sourceTree = SOURCE_ROOT; };
		30A3C1632D2926A300F74D84 /* PN_CntDivs.xcodeproj */ = {isa = PBXFileReference; lastKnownFileType = "wrapper.pb-project"; name = PN_CntDivs.xcodeproj; path = ../PN_CntDivs/PN_CntDivs.xcodeproj; sourceTree = SOURCE_ROOT; };
		30A3C2982D29541A00F74D84 /* PN_primesum.xcodeproj */ = {isa = PBXFileReference; lastKnownFileType = "wrapper.pb-project"; name = PN_primesum.xcodeproj; path = ../PN_primesum/PN_primesum.xcodeproj; sourceTree = SOURCE_ROOT; };
		30A867922CF237E500915E19 /* ma_divisibleEight.xcodeproj */ = {isa = PBXFileReference; lastKnownFileType = "wrapper.pb-project"; name = ma_divisibleEight.xcodeproj; path = ../ma_divisibleEight/ma_divisibleEight.xcodeproj; sourceTree = SOURCE_ROOT; };
		30A868DF2CF3832800915E19 /* sorting_colorSort.xcodeproj */ = {isa = PBXFileReference; lastKnownFileType = "wrapper.pb-project"; name = sorting_colorSort.xcodeproj; path = ../sorting_colorSort/sorting_colorSort.xcodeproj; sourceTree = SOURCE_ROOT; };
		30A869932CF3A2DB00915E19 /* sorting_nobleNumber.xcodeproj */ = {isa = PBXFileReference; lastKnownFileType = "wrapper.pb-project"; name = sorting_nobleNumber.xcodeproj; path = ../sorting_nobleNumber/sorting_nobleNumber.xcodeproj; sourceTree = SOURCE_ROOT; };
		30A86A502CF4C04400915E19 /* sorting_arithmaticProgression.xcodeproj */ = {isa = PBXFileReference; lastKnownFileType = "wrapper.pb-project"; name = sorting_arithmaticProgression.xcodeproj; path = ../sorting_arithmaticProgression/sorting_arithmaticProgression.xcodeproj; sourceTree = SOURCE_ROOT; };
		30A86B0A2CF4D83A00915E19 /* sorting_factorsSort.xcodeproj */ = {isa = PBXFileReference; lastKnownFileType = "wrapper.pb-project"; name = sorting_factorsSort.xcodeproj; path = ../sorting_factorsSort/sorting_factorsSort.xcodeproj; sourceTree = SOURCE_ROOT; };
		30A86B252CF4FD5700915E19 /* sorting_PwrModules.xcodeproj */ = {isa = PBXFileReference; lastKnownFileType = "wrapper.pb-project"; name = sorting_PwrModules.xcodeproj; path = ../sorting_PwrModules/sorting_PwrModules.xcodeproj; sourceTree = SOURCE_ROOT; };
		30A86BEB2CF6B64900915E19 /* clssObject.xcodeproj */ = {isa = PBXFileReference; lastKnownFileType = "wrapper.pb-project"; name = clssObject.xcodeproj; path = ../clssObject/clssObject.xcodeproj; sourceTree = SOURCE_ROOT; };
		30A86E0A2CF8BEF800915E19 /* sorting_largetNumber.xcodeproj */ = {isa = PBXFileReference; lastKnownFileType = "wrapper.pb-project"; name = sorting_largetNumber.xcodeproj; path = ../sorting_largetNumber/sorting_largetNumber.xcodeproj; sourceTree = SOURCE_ROOT; };
		30A86ED02CF8FBB600915E19 /* sorting_elementremoval.xcodeproj */ = {isa = PBXFileReference; lastKnownFileType = "wrapper.pb-project"; name = sorting_elementremoval.xcodeproj; path = ../sorting_elementremoval/sorting_elementremoval.xcodeproj; sourceTree = SOURCE_ROOT; };
		30A86EEB2CF903BC00915E19 /* hash_commonElements.xcodeproj */ = {isa = PBXFileReference; lastKnownFileType = "wrapper.pb-project"; name = hash_commonElements.xcodeproj; path = ../hash_commonElements/hash_commonElements.xcodeproj; sourceTree = SOURCE_ROOT; };
		30A86F062CF90D1B00915E19 /* hash_firstRepeating.xcodeproj */ = {isa = PBXFileReference; lastKnownFileType = "wrapper.pb-project"; name = hash_firstRepeating.xcodeproj; path = ../hash_firstRepeating/hash_firstRepeating.xcodeproj; sourceTree = SOURCE_ROOT; };
		30A86F212CF910CE00915E19 /* hash_subarrayZero.xcodeproj */ = {isa = PBXFileReference; lastKnownFileType = "wrapper.pb-project"; name = hash_subarrayZero.xcodeproj; path = ../hash_subarrayZero/hash_subarrayZero.xcodeproj; sourceTree = SOURCE_ROOT; };
		30A86F3C2CF9220A00915E19 /* hash_kOccurances.xcodeproj */ = {isa = PBXFileReference; lastKnownFileType = "wrapper.pb-project"; name = hash_kOccurances.xcodeproj; path = ../hash_kOccurances/hash_kOccurances.xcodeproj; sourceTree = SOURCE_ROOT; };
		30B027032CE9158000EECC28 /* bm_subarray_or.xcodeproj */ = {isa = PBXFileReference; lastKnownFileType = "wrapper.pb-project"; name = bm_subarray_or.xcodeproj; path = ../bm_subarray_or/bm_subarray_or.xcodeproj; sourceTree = SOURCE_ROOT; };
		30B027A82CE9286A00EECC28 /* bm_unsetXbitsright.xcodeproj */ = {isa = PBXFileReference; lastKnownFileType = "wrapper.pb-project"; name = bm_unsetXbitsright.xcodeproj; path = ../bm_unsetXbitsright/bm_unsetXbitsright.xcodeproj; sourceTree = SOURCE_ROOT; };
		30B028562CEB997600EECC28 /* ma_exceltitle.xcodeproj */ = {isa = PBXFileReference; lastKnownFileType = "wrapper.pb-project"; name = ma_exceltitle.xcodeproj; path = ../ma_exceltitle/ma_exceltitle.xcodeproj; sourceTree = SOURCE_ROOT; };
		30B029012CEBA79200EECC28 /* ma_A_B_Modulo.xcodeproj */ = {isa = PBXFileReference; lastKnownFileType = "wrapper.pb-project"; name = ma_A_B_Modulo.xcodeproj; path = ../ma_A_B_Modulo/ma_A_B_Modulo.xcodeproj; sourceTree = SOURCE_ROOT; };
		30B222E72CCFBFEA0004EBB9 /* equilibium.xcodeproj */ = {isa = PBXFileReference; lastKnownFileType = "wrapper.pb-project"; name = equilibium.xcodeproj; path = ../equilibium/equilibium.xcodeproj; sourceTree = SOURCE_ROOT; };
		30B223052CD0012D0004EBB9 /* pick.xcodeproj */ = {isa = PBXFileReference; lastKnownFileType = "wrapper.pb-project"; name = pick.xcodeproj; path = ../pick/pick.xcodeproj; sourceTree = SOURCE_ROOT; };
		30C8D51F2D15B75A007BEDB0 /* LL_partitionList.xcodeproj */ = {isa = PBXFileReference; lastKnownFileType = "wrapper.pb-project"; name = LL_partitionList.xcodeproj; path = ../LL_partitionList/LL_partitionList.xcodeproj; sourceTree = SOURCE_ROOT; };
		30CD00952D2C3BEB00693E13 /* recursion_graycode.xcodeproj */ = {isa = PBXFileReference; lastKnownFileType = "wrapper.pb-project"; name = recursion_graycode.xcodeproj; path = ../recursion_graycode/recursion_graycode.xcodeproj; sourceTree = SOURCE_ROOT; };
		30CDFF512D2C2FC700693E13 /* recursion_towerofhanoi.xcodeproj */ = {isa = PBXFileReference; lastKnownFileType = "wrapper.pb-project"; name = recursion_towerofhanoi.xcodeproj; path = ../recursion_towerofhanoi/recursion_towerofhanoi.xcodeproj; sourceTree = SOURCE_ROOT; };
		30CE26932D30248C00DEF77A /* sorting_inversioncount.xcodeproj */ = {isa = PBXFileReference; lastKnownFileType = "wrapper.pb-project"; name = sorting_inversioncount.xcodeproj; path = ../sorting_inversioncount/sorting_inversioncount.xcodeproj; sourceTree = SOURCE_ROOT; };
		30CF64082D25C22900E96A38 /* arrays_maxabsdiff.xcodeproj */ = {isa = PBXFileReference; lastKnownFileType = "wrapper.pb-project"; name = arrays_maxabsdiff.xcodeproj; path = ../arrays_maxabsdiff/arrays_maxabsdiff.xcodeproj; sourceTree = SOURCE_ROOT; };
		30CF652E2D25CEAA00E96A38 /* matrix_sortedBinary.xcodeproj */ = {isa = PBXFileReference; lastKnownFileType = "wrapper.pb-project"; name = matrix_sortedBinary.xcodeproj; path = ../matrix_sortedBinary/matrix_sortedBinary.xcodeproj; sourceTree = SOURCE_ROOT; };
		30CF665D2D26E54500E96A38 /* arrays_swapcount.xcodeproj */ = {isa = PBXFileReference; lastKnownFileType = "wrapper.pb-project"; name = arrays_swapcount.xcodeproj; path = ../arrays_swapcount/arrays_swapcount.xcodeproj; sourceTree = SOURCE_ROOT; };
		30CF67892D28366500E96A38 /* gcd_findgcd.xcodeproj */ = {isa = PBXFileReference; lastKnownFileType = "wrapper.pb-project"; name = gcd_findgcd.xcodeproj; path = ../gcd_findgcd/gcd_findgcd.xcodeproj; sourceTree = SOURCE_ROOT; };
		30CF67A42D2851A700E96A38 /* gcd_deleteone.xcodeproj */ = {isa = PBXFileReference; lastKnownFileType = "wrapper.pb-project"; name = gcd_deleteone.xcodeproj; path = ../gcd_deleteone/gcd_deleteone.xcodeproj; sourceTree = SOURCE_ROOT; };
		30ED7E3A2D104CB700F47F3A /* LL_ver2.xcodeproj */ = {isa = PBXFileReference; lastKnownFileType = "wrapper.pb-project"; name = LL_ver2.xcodeproj; path = ../LL_ver2/LL_ver2.xcodeproj; sourceTree = SOURCE_ROOT; };
		30ED80BC2D13254700F47F3A /* arrays_plusone.xcodeproj */ = {isa = PBXFileReference; lastKnownFileType = "wrapper.pb-project"; name = arrays_plusone.xcodeproj; path = ../arrays_plusone/arrays_plusone.xcodeproj; sourceTree = SOURCE_ROOT; };
		30ED82752D145C0A00F47F3A /* arrays_maxContSubarray.xcodeproj */ = {isa = PBXFileReference; lastKnownFileType = "wrapper.pb-project"; name = arrays_maxContSubarray.xcodeproj; path = ../arrays_maxContSubarray/arrays_maxContSubarray.xcodeproj; sourceTree = SOURCE_ROOT; };
		30ED835F2D1463BC00F47F3A /* arrays_BinaryFlip.xcodeproj */ = {isa = PBXFileReference; lastKnownFileType = "wrapper.pb-project"; name = arrays_BinaryFlip.xcodeproj; path = ../arrays_BinaryFlip/arrays_BinaryFlip.xcodeproj; sourceTree = SOURCE_ROOT; };
		30ED837A2D14A44700F47F3A /* arrays_maxNonNegSubArr.xcodeproj */ = {isa = PBXFileReference; lastKnownFileType = "wrapper.pb-project"; name = arrays_maxNonNegSubArr.xcodeproj; path = ../arrays_maxNonNegSubArr/arrays_maxNonNegSubArr.xcodeproj; sourceTree = SOURCE_ROOT; };
		30FF280A2CE09AE000666AD6 /* array_max_contibin.xcodeproj */ = {isa = PBXFileReference; lastKnownFileType = "wrapper.pb-project"; name = array_max_contibin.xcodeproj; path = ../array_max_contibin/array_max_contibin.xcodeproj; sourceTree = SOURCE_ROOT; };
		30FF288E2CE0C8BE00666AD6 /* array_christmastree.xcodeproj */ = {isa = PBXFileReference; lastKnownFileType = "wrapper.pb-project"; name = array_christmastree.xcodeproj; path = ../array_christmastree/array_christmastree.xcodeproj; sourceTree = SOURCE_ROOT; };
/* End PBXFileReference section */

/* Begin PBXFileSystemSynchronizedRootGroup section */
		309E85BE2CCF9D5A00C1F988 /* helloWorls */ = {
			isa = PBXFileSystemSynchronizedRootGroup;
			path = helloWorls;
			sourceTree = "<group>";
		};
/* End PBXFileSystemSynchronizedRootGroup section */

/* Begin PBXFrameworksBuildPhase section */
		309E85B92CCF9D5A00C1F988 /* Frameworks */ = {
			isa = PBXFrameworksBuildPhase;
			buildActionMask = 2147483647;
			files = (
			);
			runOnlyForDeploymentPostprocessing = 0;
		};
/* End PBXFrameworksBuildPhase section */

/* Begin PBXGroup section */
		300D89772D0F25E20083B4F8 /* Products */ = {
			isa = PBXGroup;
			children = (
			);
			name = Products;
			sourceTree = "<group>";
		};
		300D8A552D0F45F90083B4F8 /* Products */ = {
			isa = PBXGroup;
			children = (
			);
			name = Products;
			sourceTree = "<group>";
		};
		3010A08A2CD62FD900269053 /* Products */ = {
			isa = PBXGroup;
			children = (
			);
			name = Products;
			sourceTree = "<group>";
		};
		3010A0F32CD68AAF00269053 /* Products */ = {
			isa = PBXGroup;
			children = (
			);
			name = Products;
			sourceTree = "<group>";
		};
		3010A1352CD6A50900269053 /* Products */ = {
			isa = PBXGroup;
			children = (
			);
			name = Products;
			sourceTree = "<group>";
		};
		30154D362CD158D200964821 /* Products */ = {
			isa = PBXGroup;
			children = (
			);
			name = Products;
			sourceTree = "<group>";
		};
		30154D5A2CD272E400964821 /* Products */ = {
			isa = PBXGroup;
			children = (
			);
			name = Products;
			sourceTree = "<group>";
		};
		30154D862CD4185100964821 /* Products */ = {
			isa = PBXGroup;
			children = (
			);
			name = Products;
			sourceTree = "<group>";
		};
		30154DB22CD4220A00964821 /* Products */ = {
			isa = PBXGroup;
			children = (
			);
			name = Products;
			sourceTree = "<group>";
		};
		30154DCD2CD4265800964821 /* Products */ = {
			isa = PBXGroup;
			children = (
			);
			name = Products;
			sourceTree = "<group>";
		};
		3016110A2D2A904C008B1E1B /* Products */ = {
			isa = PBXGroup;
			children = (
			);
			name = Products;
			sourceTree = "<group>";
		};
		302086322CFF753D00F19646 /* Products */ = {
			isa = PBXGroup;
			children = (
			);
			name = Products;
			sourceTree = "<group>";
		};
		3023AF742D2D657D0077A5FE /* Products */ = {
			isa = PBXGroup;
			children = (
			);
			name = Products;
			sourceTree = "<group>";
		};
		3023B0BE2D2D7AD00077A5FE /* Products */ = {
			isa = PBXGroup;
			children = (
			);
			name = Products;
			sourceTree = "<group>";
		};
		3023B0D92D2D918F0077A5FE /* Products */ = {
			isa = PBXGroup;
			children = (
			);
			name = Products;
			sourceTree = "<group>";
		};
		3023B0F42D2EDDFA0077A5FE /* Products */ = {
			isa = PBXGroup;
			children = (
			);
			name = Products;
			sourceTree = "<group>";
		};
		3023B10F2D2EFC110077A5FE /* Products */ = {
			isa = PBXGroup;
			children = (
			);
			name = Products;
			sourceTree = "<group>";
		};
		3023B12A2D2F02750077A5FE /* Products */ = {
			isa = PBXGroup;
			children = (
			);
			name = Products;
			sourceTree = "<group>";
		};
		302CBE9C2CD7771500E8EE03 /* Products */ = {
			isa = PBXGroup;
			children = (
			);
			name = Products;
			sourceTree = "<group>";
		};
		302CBEE42CD7E78E00E8EE03 /* Products */ = {
			isa = PBXGroup;
			children = (
			);
			name = Products;
			sourceTree = "<group>";
		};
		302CBEFF2CD7EEA600E8EE03 /* Products */ = {
			isa = PBXGroup;
			children = (
			);
			name = Products;
			sourceTree = "<group>";
		};
		303276592CFD6A9500B84426 /* Products */ = {
			isa = PBXGroup;
			children = (
			);
			name = Products;
			sourceTree = "<group>";
		};
		303600E02D1B309000122DE3 /* Products */ = {
			isa = PBXGroup;
			children = (
			);
			name = Products;
			sourceTree = "<group>";
		};
		3036FFCE2D1B08B900122DE3 /* Products */ = {
			isa = PBXGroup;
			children = (
			);
			name = Products;
			sourceTree = "<group>";
		};
		30518FDA2D1BE3EF002E54FF /* Products */ = {
			isa = PBXGroup;
			children = (
			);
			name = Products;
			sourceTree = "<group>";
		};
		305190F02D1C0691002E54FF /* Products */ = {
			isa = PBXGroup;
			children = (
			);
			name = Products;
			sourceTree = "<group>";
		};
		3051910D2D1C1AE5002E54FF /* Products */ = {
			isa = PBXGroup;
			children = (
			);
			name = Products;
			sourceTree = "<group>";
		};
		305720192CD60C63007E67DD /* Products */ = {
			isa = PBXGroup;
			children = (
			);
			name = Products;
			sourceTree = "<group>";
		};
		305AB2732CDA87940077F006 /* Products */ = {
			isa = PBXGroup;
			children = (
			);
			name = Products;
			sourceTree = "<group>";
		};
		305AB2C42CDA99410077F006 /* Products */ = {
			isa = PBXGroup;
			children = (
			);
			name = Products;
			sourceTree = "<group>";
		};
		305AB31E2CDBCADC0077F006 /* Products */ = {
			isa = PBXGroup;
			children = (
			);
			name = Products;
			sourceTree = "<group>";
		};
		305AB3752CDBEB6C0077F006 /* Products */ = {
			isa = PBXGroup;
			children = (
			);
			name = Products;
			sourceTree = "<group>";
		};
		305AB3902CDBFA1A0077F006 /* Products */ = {
			isa = PBXGroup;
			children = (
			);
			name = Products;
			sourceTree = "<group>";
		};
		305AB3AB2CDD373C0077F006 /* Products */ = {
			isa = PBXGroup;
			children = (
			);
			name = Products;
			sourceTree = "<group>";
		};
		305AB3C62CDD3AF20077F006 /* Products */ = {
			isa = PBXGroup;
			children = (
			);
			name = Products;
			sourceTree = "<group>";
		};
		305AB3E12CDD41170077F006 /* Products */ = {
			isa = PBXGroup;
			children = (
			);
			name = Products;
			sourceTree = "<group>";
		};
		305AB3FD2CDEA1E80077F006 /* Products */ = {
			isa = PBXGroup;
			children = (
			);
			name = Products;
			sourceTree = "<group>";
		};
		305AB4182CDEAE400077F006 /* Products */ = {
			isa = PBXGroup;
			children = (
			);
			name = Products;
			sourceTree = "<group>";
		};
		305AB48A2CDF79980077F006 /* Products */ = {
			isa = PBXGroup;
			children = (
			);
			name = Products;
			sourceTree = "<group>";
		};
		305AB4F92CDF7D4E0077F006 /* Products */ = {
			isa = PBXGroup;
			children = (
			);
			name = Products;
			sourceTree = "<group>";
		};
		305AB5142CDFCCDA0077F006 /* Products */ = {
			isa = PBXGroup;
			children = (
			);
			name = Products;
			sourceTree = "<group>";
		};
		305AB52F2CDFCFA50077F006 /* Products */ = {
			isa = PBXGroup;
			children = (
			);
			name = Products;
			sourceTree = "<group>";
		};
		305AB54A2CDFD9E20077F006 /* Products */ = {
			isa = PBXGroup;
			children = (
			);
			name = Products;
			sourceTree = "<group>";
		};
		305AB5652CDFE7FF0077F006 /* Products */ = {
			isa = PBXGroup;
			children = (
			);
			name = Products;
			sourceTree = "<group>";
		};
		305AB5822CDFEC080077F006 /* Products */ = {
			isa = PBXGroup;
			children = (
			);
			name = Products;
			sourceTree = "<group>";
		};
		305B1FDC2CE163FF00B051A2 /* Products */ = {
			isa = PBXGroup;
			children = (
			);
			name = Products;
			sourceTree = "<group>";
		};
		305B20DB2CE234FD00B051A2 /* Products */ = {
			isa = PBXGroup;
			children = (
			);
			name = Products;
			sourceTree = "<group>";
		};
		305B21682CE3CBCA00B051A2 /* Products */ = {
			isa = PBXGroup;
			children = (
			);
			name = Products;
			sourceTree = "<group>";
		};
		305B21FE2CE66DD300B051A2 /* Products */ = {
			isa = PBXGroup;
			children = (
			);
			name = Products;
			sourceTree = "<group>";
		};
		305B22912CE7589200B051A2 /* Products */ = {
			isa = PBXGroup;
			children = (
			);
			name = Products;
			sourceTree = "<group>";
		};
		305B22AC2CE7675D00B051A2 /* Products */ = {
			isa = PBXGroup;
			children = (
			);
			name = Products;
			sourceTree = "<group>";
		};
		305B22C72CE7A68200B051A2 /* Products */ = {
			isa = PBXGroup;
			children = (
			);
			name = Products;
			sourceTree = "<group>";
		};
		305B22E22CE7E08300B051A2 /* Products */ = {
			isa = PBXGroup;
			children = (
			);
			name = Products;
			sourceTree = "<group>";
		};
		305B22FD2CE7F0B000B051A2 /* Products */ = {
			isa = PBXGroup;
			children = (
			);
			name = Products;
			sourceTree = "<group>";
		};
		306CC03F2D1899740091A42A /* Products */ = {
			isa = PBXGroup;
			children = (
			);
			name = Products;
			sourceTree = "<group>";
		};
		307309182D17C5590014F6EE /* Products */ = {
			isa = PBXGroup;
			children = (
			);
			name = Products;
			sourceTree = "<group>";
		};
		30730A172D17EEFF0014F6EE /* Products */ = {
			isa = PBXGroup;
			children = (
			);
			name = Products;
			sourceTree = "<group>";
		};
		30730A322D187BAC0014F6EE /* Products */ = {
			isa = PBXGroup;
			children = (
			);
			name = Products;
			sourceTree = "<group>";
		};
		30730A4D2D18874B0014F6EE /* Products */ = {
			isa = PBXGroup;
			children = (
			);
			name = Products;
			sourceTree = "<group>";
		};
		30744BA02CD4B67F008B2556 /* Products */ = {
			isa = PBXGroup;
			children = (
			);
			name = Products;
			sourceTree = "<group>";
		};
		30744BD32CD4F612008B2556 /* Products */ = {
			isa = PBXGroup;
			children = (
			);
			name = Products;
			sourceTree = "<group>";
		};
		3076CCB12D316A30002ECDBC /* Products */ = {
			isa = PBXGroup;
			children = (
			);
			name = Products;
			sourceTree = "<group>";
		};
		307D631E2D15E46B00B70A08 /* Products */ = {
			isa = PBXGroup;
			children = (
			);
			name = Products;
			sourceTree = "<group>";
		};
		307D64142D16B27900B70A08 /* Products */ = {
			isa = PBXGroup;
			children = (
			);
			name = Products;
			sourceTree = "<group>";
		};
		307D642F2D16C62700B70A08 /* Products */ = {
			isa = PBXGroup;
			children = (
			);
			name = Products;
			sourceTree = "<group>";
		};
		307EB98A2D1F124600B03C4F /* Products */ = {
			isa = PBXGroup;
			children = (
			);
			name = Products;
			sourceTree = "<group>";
		};
		30833FA72D2A640400E044FA /* Products */ = {
			isa = PBXGroup;
			children = (
			);
			name = Products;
			sourceTree = "<group>";
		};
		308340E22D2A782C00E044FA /* Products */ = {
			isa = PBXGroup;
			children = (
			);
			name = Products;
			sourceTree = "<group>";
		};
		30967D302D22C1A800C43307 /* Products */ = {
			isa = PBXGroup;
			children = (
			);
			name = Products;
			sourceTree = "<group>";
		};
		30967E502D22FFB400C43307 /* Products */ = {
			isa = PBXGroup;
			children = (
			);
			name = Products;
			sourceTree = "<group>";
		};
		309A04E02CD551550089093A /* Products */ = {
			isa = PBXGroup;
			children = (
			);
			name = Products;
			sourceTree = "<group>";
		};
		309E85B32CCF9D5A00C1F988 = {
			isa = PBXGroup;
			children = (
				3076CCAE2D316A30002ECDBC /* sorting_countswapinsertion.xcodeproj */,
				30CE26932D30248C00DEF77A /* sorting_inversioncount.xcodeproj */,
				3023B1272D2F02750077A5FE /* sorting_SortMergeSort.xcodeproj */,
				3023B10C2D2EFC110077A5FE /* sorting_mergesubarray.xcodeproj */,
				3023B0F12D2EDDFA0077A5FE /* sorting_maxmod.xcodeproj */,
				3023B0D62D2D918F0077A5FE /* sorting_consecutiveelements.xcodeproj */,
				3023B0BB2D2D7AD00077A5FE /* sorting_kthSmallest.xcodeproj */,
				3023AF712D2D657C0077A5FE /* sorting_mergesortdarrays.xcodeproj */,
				30CD00952D2C3BEB00693E13 /* recursion_graycode.xcodeproj */,
				30CDFF512D2C2FC700693E13 /* recursion_towerofhanoi.xcodeproj */,
				301611072D2A904C008B1E1B /* PN_DistinctPrimes.xcodeproj */,
				305AB2C12CDA99410077F006 /* alternatingSubArray.xcodeproj */,
				305720162CD60C62007E67DD /* amazingSubArr.xcodeproj */,
				305B1FD92CE163FF00B051A2 /* Array_100People.xcodeproj */,
				300D8A522D0F45F90083B4F8 /* array_beggarstory.xcodeproj */,
				30FF288E2CE0C8BE00666AD6 /* array_christmastree.xcodeproj */,
				305B21652CE3CBC900B051A2 /* array_majority_element.xcodeproj */,
				30FF280A2CE09AE000666AD6 /* array_max_contibin.xcodeproj */,
				305B20D82CE234FD00B051A2 /* array_max_positivity.xcodeproj */,
				305AB57F2CDFEC080077F006 /* array_min_swap.xcodeproj */,
				305B22A92CE7675D00B051A2 /* array_overalpping_rect.xcodeproj */,
				300D89742D0F25E10083B4F8 /* array_rainwatertrap.xcodeproj */,
				305B228E2CE7589200B051A2 /* array_rect_angle.xcodeproj */,
				30ED835F2D1463BC00F47F3A /* arrays_BinaryFlip.xcodeproj */,
				30CF64082D25C22900E96A38 /* arrays_maxabsdiff.xcodeproj */,
				30ED82752D145C0A00F47F3A /* arrays_maxContSubarray.xcodeproj */,
				30ED837A2D14A44700F47F3A /* arrays_maxNonNegSubArr.xcodeproj */,
				30967D2D2D22C1A800C43307 /* arrays_mergeIntervals.xcodeproj */,
				30967E4D2D22FFB300C43307 /* arrays_missinginteger.xcodeproj */,
				30ED80BC2D13254700F47F3A /* arrays_plusone.xcodeproj */,
				30CF665D2D26E54500E96A38 /* arrays_swapcount.xcodeproj */,
				305B22C42CE7A68100B051A2 /* bm_add_binaryString.xcodeproj */,
				305B22FA2CE7F0B000B051A2 /* bm_compressionProblem.xcodeproj */,
				305B22DF2CE7E08200B051A2 /* bm_countSetBits.xcodeproj */,
				305B21FB2CE66DD300B051A2 /* bm_singleNumber.xcodeproj */,
				30B027032CE9158000EECC28 /* bm_subarray_or.xcodeproj */,
				308340DF2D2A782B00E044FA /* bm_thriceNumbers.xcodeproj */,
				30B027A82CE9286A00EECC28 /* bm_unsetXbitsright.xcodeproj */,
				309A04DD2CD551550089093A /* bulbs.xcodeproj */,
				30744BD02CD4F611008B2556 /* closetMinMax.xcodeproj */,
				30A86BEB2CF6B64900915E19 /* clssObject.xcodeproj */,
				302CBEFC2CD7EEA600E8EE03 /* countSubarray.xcodeproj */,
				307309152D17C5590014F6EE /* DLL_design.xcodeproj */,
				30730A4A2D18874B0014F6EE /* DLL_isPalindrome.xcodeproj */,
				30730A2F2D187BAC0014F6EE /* DLL_reverse.xcodeproj */,
				30730A142D17EEFF0014F6EE /* DLL_swapFirstLast.xcodeproj */,
				306CC03C2D1899740091A42A /* DLL_SwapPairs.xcodeproj */,
				30B222E72CCFBFEA0004EBB9 /* equilibium.xcodeproj */,
				3010A0872CD62FD900269053 /* EvenSubArrays.xcodeproj */,
				30CF67A42D2851A700E96A38 /* gcd_deleteone.xcodeproj */,
				30CF67892D28366500E96A38 /* gcd_findgcd.xcodeproj */,
				305AB2702CDA87940077F006 /* goodSubArray.xcodeproj */,
				30A86EEB2CF903BC00915E19 /* hash_commonElements.xcodeproj */,
				30A86F062CF90D1B00915E19 /* hash_firstRepeating.xcodeproj */,
				30A86F3C2CF9220A00915E19 /* hash_kOccurances.xcodeproj */,
				30A86F212CF910CE00915E19 /* hash_subarrayZero.xcodeproj */,
				309E85BE2CCF9D5A00C1F988 /* helloWorls */,
				3010A0F02CD68AAF00269053 /* LeaderInArray.xcodeproj */,
				302CBE992CD7771400E8EE03 /* leastAvgSubArray.xcodeproj */,
				303276562CFD6A9400B84426 /* LL_Basic.xcodeproj */,
				307D64112D16B27800B70A08 /* LL_Binary2Decci.xcodeproj */,
				3020862F2CFF753C00F19646 /* LL_DesignLinkedList.xcodeproj */,
				30C8D51F2D15B75A007BEDB0 /* LL_partitionList.xcodeproj */,
				307D631B2D15E46B00B70A08 /* LL_removeDupl.xcodeproj */,
				307D642C2D16C62600B70A08 /* LL_ReverseBetween.xcodeproj */,
				30ED7E3A2D104CB700F47F3A /* LL_ver2.xcodeproj */,
				3036FFCB2D1B08B900122DE3 /* LL-SwapPairs.xcodeproj */,
				30B029012CEBA79200EECC28 /* ma_A_B_Modulo.xcodeproj */,
				30A867922CF237E500915E19 /* ma_divisibleEight.xcodeproj */,
				30B028562CEB997600EECC28 /* ma_exceltitle.xcodeproj */,
				305AB31B2CDBCADB0077F006 /* matricAddition.xcodeproj */,
				303600DD2D1B309000122DE3 /* matrics_sumSubmatric.xcodeproj */,
				305AB38D2CDBFA1A0077F006 /* matrix_col_sum.xcodeproj */,
				305AB3722CDBEB6B0077F006 /* matrix_diagnols.xcodeproj */,
				305AB4872CDF79980077F006 /* matrix_equal.xcodeproj */,
				305190ED2D1C0691002E54FF /* matrix_findnumnerinsorted.xcodeproj */,
				307EB9872D1F124600B03C4F /* matrix_maxsubmatrixsum_sorted.xcodeproj */,
				3051910A2D1C1AE5002E54FF /* matrix_maxSumSubarray.xcodeproj */,
				305AB5112CDFCCD90077F006 /* matrix_minor_diagnol_sum.xcodeproj */,
				305AB3A82CDD373B0077F006 /* matrix_multi.xcodeproj */,
				305AB4152CDEAE400077F006 /* matrix_rotate.xcodeproj */,
				305AB5472CDFD9E20077F006 /* matrix_row_col_zero.xcodeproj */,
				305AB52C2CDFCFA40077F006 /* matrix_row_sum.xcodeproj */,
				305AB4F62CDF7D4E0077F006 /* matrix_scaler_multiplication.xcodeproj */,
				30CF652E2D25CEAA00E96A38 /* matrix_sortedBinary.xcodeproj */,
				305AB3FA2CDEA1E70077F006 /* matrix_spiral.xcodeproj */,
				305AB3C32CDD3AF20077F006 /* matrix_sub.xcodeproj */,
				30518FD72D1BE3EF002E54FF /* matrix_submatrixsumqueries.xcodeproj */,
				305AB5622CDFE7FE0077F006 /* matrix_sum_diagnol.xcodeproj */,
				305AB3DE2CDD41160077F006 /* matrix_transpose.xcodeproj */,
				302CBEE12CD7E78E00E8EE03 /* maxSubArray.xcodeproj */,
				30154D832CD4185000964821 /* nonDecreasingArr.xcodeproj */,
				305AB3E62CDD51640077F006 /* notes */,
				30B223052CD0012D0004EBB9 /* pick.xcodeproj */,
				30A3C1632D2926A300F74D84 /* PN_CntDivs.xcodeproj */,
				30833FA42D2A640400E044FA /* PN_LuckyNumbers.xcodeproj */,
				30A3C2982D29541A00F74D84 /* PN_primesum.xcodeproj */,
				30154DCA2CD4265800964821 /* productPuzzle.xcodeproj */,
				309E85BD2CCF9D5A00C1F988 /* Products */,
				30154D332CD158D100964821 /* rangeSum.xcodeproj */,
				309E85D92CCF9DE700C1F988 /* rotateLeft.xcodeproj */,
				30A86A502CF4C04400915E19 /* sorting_arithmaticProgression.xcodeproj */,
				30A868DF2CF3832800915E19 /* sorting_colorSort.xcodeproj */,
				30A86ED02CF8FBB600915E19 /* sorting_elementremoval.xcodeproj */,
				30A86B0A2CF4D83A00915E19 /* sorting_factorsSort.xcodeproj */,
				30A86E0A2CF8BEF800915E19 /* sorting_largetNumber.xcodeproj */,
				30A869932CF3A2DB00915E19 /* sorting_nobleNumber.xcodeproj */,
				30A86B252CF4FD5700915E19 /* sorting_PwrModules.xcodeproj */,
				30154D572CD272E400964821 /* specialIndex.xcodeproj */,
				30744B9D2CD4B67E008B2556 /* specialSubseq.xcodeproj */,
				3010A1322CD6A50900269053 /* sumOfSubArrays.xcodeproj */,
				30154DAF2CD4220A00964821 /* timetoEquality.xcodeproj */,
			);
			sourceTree = "<group>";
		};
		309E85BD2CCF9D5A00C1F988 /* Products */ = {
			isa = PBXGroup;
			children = (
				309E85BC2CCF9D5A00C1F988 /* dsa */,
			);
			name = Products;
			sourceTree = "<group>";
		};
		309E85DC2CCF9DE700C1F988 /* Products */ = {
			isa = PBXGroup;
			children = (
			);
			name = Products;
			sourceTree = "<group>";
		};
		30A3C1662D2926A300F74D84 /* Products */ = {
			isa = PBXGroup;
			children = (
			);
			name = Products;
			sourceTree = "<group>";
		};
		30A3C29B2D29541A00F74D84 /* Products */ = {
			isa = PBXGroup;
			children = (
			);
			name = Products;
			sourceTree = "<group>";
		};
		30A867952CF237E500915E19 /* Products */ = {
			isa = PBXGroup;
			children = (
			);
			name = Products;
			sourceTree = "<group>";
		};
		30A868E22CF3832800915E19 /* Products */ = {
			isa = PBXGroup;
			children = (
			);
			name = Products;
			sourceTree = "<group>";
		};
		30A869962CF3A2DB00915E19 /* Products */ = {
			isa = PBXGroup;
			children = (
			);
			name = Products;
			sourceTree = "<group>";
		};
		30A86A532CF4C04400915E19 /* Products */ = {
			isa = PBXGroup;
			children = (
			);
			name = Products;
			sourceTree = "<group>";
		};
		30A86B0D2CF4D83A00915E19 /* Products */ = {
			isa = PBXGroup;
			children = (
			);
			name = Products;
			sourceTree = "<group>";
		};
		30A86B282CF4FD5700915E19 /* Products */ = {
			isa = PBXGroup;
			children = (
			);
			name = Products;
			sourceTree = "<group>";
		};
		30A86BEE2CF6B64900915E19 /* Products */ = {
			isa = PBXGroup;
			children = (
			);
			name = Products;
			sourceTree = "<group>";
		};
		30A86E0D2CF8BEF800915E19 /* Products */ = {
			isa = PBXGroup;
			children = (
			);
			name = Products;
			sourceTree = "<group>";
		};
		30A86ED32CF8FBB600915E19 /* Products */ = {
			isa = PBXGroup;
			children = (
			);
			name = Products;
			sourceTree = "<group>";
		};
		30A86EEE2CF903BC00915E19 /* Products */ = {
			isa = PBXGroup;
			children = (
			);
			name = Products;
			sourceTree = "<group>";
		};
		30A86F092CF90D1B00915E19 /* Products */ = {
			isa = PBXGroup;
			children = (
			);
			name = Products;
			sourceTree = "<group>";
		};
		30A86F242CF910CE00915E19 /* Products */ = {
			isa = PBXGroup;
			children = (
			);
			name = Products;
			sourceTree = "<group>";
		};
		30A86F3F2CF9220A00915E19 /* Products */ = {
			isa = PBXGroup;
			children = (
			);
			name = Products;
			sourceTree = "<group>";
		};
		30B027062CE9158100EECC28 /* Products */ = {
			isa = PBXGroup;
			children = (
			);
			name = Products;
			sourceTree = "<group>";
		};
		30B027AB2CE9286A00EECC28 /* Products */ = {
			isa = PBXGroup;
			children = (
			);
			name = Products;
			sourceTree = "<group>";
		};
		30B028592CEB997700EECC28 /* Products */ = {
			isa = PBXGroup;
			children = (
			);
			name = Products;
			sourceTree = "<group>";
		};
		30B029042CEBA79300EECC28 /* Products */ = {
			isa = PBXGroup;
			children = (
			);
			name = Products;
			sourceTree = "<group>";
		};
		30B222EA2CCFBFEA0004EBB9 /* Products */ = {
			isa = PBXGroup;
			children = (
			);
			name = Products;
			sourceTree = "<group>";
		};
		30B223082CD0012D0004EBB9 /* Products */ = {
			isa = PBXGroup;
			children = (
			);
			name = Products;
			sourceTree = "<group>";
		};
		30C8D5222D15B75A007BEDB0 /* Products */ = {
			isa = PBXGroup;
			children = (
			);
			name = Products;
			sourceTree = "<group>";
		};
		30CD00982D2C3BEB00693E13 /* Products */ = {
			isa = PBXGroup;
			children = (
			);
			name = Products;
			sourceTree = "<group>";
		};
		30CDFF542D2C2FC700693E13 /* Products */ = {
			isa = PBXGroup;
			children = (
			);
			name = Products;
			sourceTree = "<group>";
		};
		30CE26962D30248C00DEF77A /* Products */ = {
			isa = PBXGroup;
			children = (
			);
			name = Products;
			sourceTree = "<group>";
		};
		30CF640B2D25C22900E96A38 /* Products */ = {
			isa = PBXGroup;
			children = (
			);
			name = Products;
			sourceTree = "<group>";
		};
		30CF65312D25CEAA00E96A38 /* Products */ = {
			isa = PBXGroup;
			children = (
			);
			name = Products;
			sourceTree = "<group>";
		};
		30CF66602D26E54500E96A38 /* Products */ = {
			isa = PBXGroup;
			children = (
			);
			name = Products;
			sourceTree = "<group>";
		};
		30CF678C2D28366500E96A38 /* Products */ = {
			isa = PBXGroup;
			children = (
			);
			name = Products;
			sourceTree = "<group>";
		};
		30CF67A72D2851A700E96A38 /* Products */ = {
			isa = PBXGroup;
			children = (
			);
			name = Products;
			sourceTree = "<group>";
		};
		30ED7E3D2D104CB800F47F3A /* Products */ = {
			isa = PBXGroup;
			children = (
			);
			name = Products;
			sourceTree = "<group>";
		};
		30ED80BF2D13254700F47F3A /* Products */ = {
			isa = PBXGroup;
			children = (
			);
			name = Products;
			sourceTree = "<group>";
		};
		30ED82782D145C0A00F47F3A /* Products */ = {
			isa = PBXGroup;
			children = (
			);
			name = Products;
			sourceTree = "<group>";
		};
		30ED83622D1463BC00F47F3A /* Products */ = {
			isa = PBXGroup;
			children = (
			);
			name = Products;
			sourceTree = "<group>";
		};
		30ED837D2D14A44800F47F3A /* Products */ = {
			isa = PBXGroup;
			children = (
			);
			name = Products;
			sourceTree = "<group>";
		};
		30FF280D2CE09AE100666AD6 /* Products */ = {
			isa = PBXGroup;
			children = (
			);
			name = Products;
			sourceTree = "<group>";
		};
		30FF28912CE0C8BE00666AD6 /* Products */ = {
			isa = PBXGroup;
			children = (
			);
			name = Products;
			sourceTree = "<group>";
		};
/* End PBXGroup section */

/* Begin PBXNativeTarget section */
		309E85BB2CCF9D5A00C1F988 /* dsa */ = {
			isa = PBXNativeTarget;
			buildConfigurationList = 309E85C32CCF9D5A00C1F988 /* Build configuration list for PBXNativeTarget "dsa" */;
			buildPhases = (
				309E85B82CCF9D5A00C1F988 /* Sources */,
				309E85B92CCF9D5A00C1F988 /* Frameworks */,
				309E85BA2CCF9D5A00C1F988 /* CopyFiles */,
			);
			buildRules = (
			);
			dependencies = (
			);
			fileSystemSynchronizedGroups = (
				309E85BE2CCF9D5A00C1F988 /* helloWorls */,
			);
			name = dsa;
			packageProductDependencies = (
			);
			productName = dsa;
			productReference = 309E85BC2CCF9D5A00C1F988 /* dsa */;
			productType = "com.apple.product-type.tool";
		};
/* End PBXNativeTarget section */

/* Begin PBXProject section */
		309E85B42CCF9D5A00C1F988 /* Project object */ = {
			isa = PBXProject;
			attributes = {
				BuildIndependentTargetsInParallel = 1;
				LastUpgradeCheck = 1610;
				TargetAttributes = {
					309E85BB2CCF9D5A00C1F988 = {
						CreatedOnToolsVersion = 16.0;
					};
				};
			};
			buildConfigurationList = 309E85B72CCF9D5A00C1F988 /* Build configuration list for PBXProject "dsa" */;
			developmentRegion = en;
			hasScannedForEncodings = 0;
			knownRegions = (
				en,
				Base,
			);
			mainGroup = 309E85B32CCF9D5A00C1F988;
			minimizedProjectReferenceProxies = 1;
			preferredProjectObjectVersion = 77;
			productRefGroup = 309E85BD2CCF9D5A00C1F988 /* Products */;
			projectDirPath = "";
			projectReferences = (
				{
					ProductGroup = 305AB2C42CDA99410077F006 /* Products */;
					ProjectRef = 305AB2C12CDA99410077F006 /* alternatingSubArray.xcodeproj */;
				},
				{
					ProductGroup = 305720192CD60C63007E67DD /* Products */;
					ProjectRef = 305720162CD60C62007E67DD /* amazingSubArr.xcodeproj */;
				},
				{
					ProductGroup = 305B1FDC2CE163FF00B051A2 /* Products */;
					ProjectRef = 305B1FD92CE163FF00B051A2 /* Array_100People.xcodeproj */;
				},
				{
					ProductGroup = 300D8A552D0F45F90083B4F8 /* Products */;
					ProjectRef = 300D8A522D0F45F90083B4F8 /* array_beggarstory.xcodeproj */;
				},
				{
					ProductGroup = 30FF28912CE0C8BE00666AD6 /* Products */;
					ProjectRef = 30FF288E2CE0C8BE00666AD6 /* array_christmastree.xcodeproj */;
				},
				{
					ProductGroup = 305B21682CE3CBCA00B051A2 /* Products */;
					ProjectRef = 305B21652CE3CBC900B051A2 /* array_majority_element.xcodeproj */;
				},
				{
					ProductGroup = 30FF280D2CE09AE100666AD6 /* Products */;
					ProjectRef = 30FF280A2CE09AE000666AD6 /* array_max_contibin.xcodeproj */;
				},
				{
					ProductGroup = 305B20DB2CE234FD00B051A2 /* Products */;
					ProjectRef = 305B20D82CE234FD00B051A2 /* array_max_positivity.xcodeproj */;
				},
				{
					ProductGroup = 305AB5822CDFEC080077F006 /* Products */;
					ProjectRef = 305AB57F2CDFEC080077F006 /* array_min_swap.xcodeproj */;
				},
				{
					ProductGroup = 305B22AC2CE7675D00B051A2 /* Products */;
					ProjectRef = 305B22A92CE7675D00B051A2 /* array_overalpping_rect.xcodeproj */;
				},
				{
					ProductGroup = 300D89772D0F25E20083B4F8 /* Products */;
					ProjectRef = 300D89742D0F25E10083B4F8 /* array_rainwatertrap.xcodeproj */;
				},
				{
					ProductGroup = 305B22912CE7589200B051A2 /* Products */;
					ProjectRef = 305B228E2CE7589200B051A2 /* array_rect_angle.xcodeproj */;
				},
				{
					ProductGroup = 30ED83622D1463BC00F47F3A /* Products */;
					ProjectRef = 30ED835F2D1463BC00F47F3A /* arrays_BinaryFlip.xcodeproj */;
				},
				{
					ProductGroup = 30CF640B2D25C22900E96A38 /* Products */;
					ProjectRef = 30CF64082D25C22900E96A38 /* arrays_maxabsdiff.xcodeproj */;
				},
				{
					ProductGroup = 30ED82782D145C0A00F47F3A /* Products */;
					ProjectRef = 30ED82752D145C0A00F47F3A /* arrays_maxContSubarray.xcodeproj */;
				},
				{
					ProductGroup = 30ED837D2D14A44800F47F3A /* Products */;
					ProjectRef = 30ED837A2D14A44700F47F3A /* arrays_maxNonNegSubArr.xcodeproj */;
				},
				{
					ProductGroup = 30967D302D22C1A800C43307 /* Products */;
					ProjectRef = 30967D2D2D22C1A800C43307 /* arrays_mergeIntervals.xcodeproj */;
				},
				{
					ProductGroup = 30967E502D22FFB400C43307 /* Products */;
					ProjectRef = 30967E4D2D22FFB300C43307 /* arrays_missinginteger.xcodeproj */;
				},
				{
					ProductGroup = 30ED80BF2D13254700F47F3A /* Products */;
					ProjectRef = 30ED80BC2D13254700F47F3A /* arrays_plusone.xcodeproj */;
				},
				{
					ProductGroup = 30CF66602D26E54500E96A38 /* Products */;
					ProjectRef = 30CF665D2D26E54500E96A38 /* arrays_swapcount.xcodeproj */;
				},
				{
					ProductGroup = 305B22C72CE7A68200B051A2 /* Products */;
					ProjectRef = 305B22C42CE7A68100B051A2 /* bm_add_binaryString.xcodeproj */;
				},
				{
					ProductGroup = 305B22FD2CE7F0B000B051A2 /* Products */;
					ProjectRef = 305B22FA2CE7F0B000B051A2 /* bm_compressionProblem.xcodeproj */;
				},
				{
					ProductGroup = 305B22E22CE7E08300B051A2 /* Products */;
					ProjectRef = 305B22DF2CE7E08200B051A2 /* bm_countSetBits.xcodeproj */;
				},
				{
					ProductGroup = 305B21FE2CE66DD300B051A2 /* Products */;
					ProjectRef = 305B21FB2CE66DD300B051A2 /* bm_singleNumber.xcodeproj */;
				},
				{
					ProductGroup = 30B027062CE9158100EECC28 /* Products */;
					ProjectRef = 30B027032CE9158000EECC28 /* bm_subarray_or.xcodeproj */;
				},
				{
					ProductGroup = 308340E22D2A782C00E044FA /* Products */;
					ProjectRef = 308340DF2D2A782B00E044FA /* bm_thriceNumbers.xcodeproj */;
				},
				{
					ProductGroup = 30B027AB2CE9286A00EECC28 /* Products */;
					ProjectRef = 30B027A82CE9286A00EECC28 /* bm_unsetXbitsright.xcodeproj */;
				},
				{
					ProductGroup = 309A04E02CD551550089093A /* Products */;
					ProjectRef = 309A04DD2CD551550089093A /* bulbs.xcodeproj */;
				},
				{
					ProductGroup = 30744BD32CD4F612008B2556 /* Products */;
					ProjectRef = 30744BD02CD4F611008B2556 /* closetMinMax.xcodeproj */;
				},
				{
					ProductGroup = 30A86BEE2CF6B64900915E19 /* Products */;
					ProjectRef = 30A86BEB2CF6B64900915E19 /* clssObject.xcodeproj */;
				},
				{
					ProductGroup = 302CBEFF2CD7EEA600E8EE03 /* Products */;
					ProjectRef = 302CBEFC2CD7EEA600E8EE03 /* countSubarray.xcodeproj */;
				},
				{
					ProductGroup = 307309182D17C5590014F6EE /* Products */;
					ProjectRef = 307309152D17C5590014F6EE /* DLL_design.xcodeproj */;
				},
				{
					ProductGroup = 30730A4D2D18874B0014F6EE /* Products */;
					ProjectRef = 30730A4A2D18874B0014F6EE /* DLL_isPalindrome.xcodeproj */;
				},
				{
					ProductGroup = 30730A322D187BAC0014F6EE /* Products */;
					ProjectRef = 30730A2F2D187BAC0014F6EE /* DLL_reverse.xcodeproj */;
				},
				{
					ProductGroup = 30730A172D17EEFF0014F6EE /* Products */;
					ProjectRef = 30730A142D17EEFF0014F6EE /* DLL_swapFirstLast.xcodeproj */;
				},
				{
					ProductGroup = 306CC03F2D1899740091A42A /* Products */;
					ProjectRef = 306CC03C2D1899740091A42A /* DLL_SwapPairs.xcodeproj */;
				},
				{
					ProductGroup = 30B222EA2CCFBFEA0004EBB9 /* Products */;
					ProjectRef = 30B222E72CCFBFEA0004EBB9 /* equilibium.xcodeproj */;
				},
				{
					ProductGroup = 3010A08A2CD62FD900269053 /* Products */;
					ProjectRef = 3010A0872CD62FD900269053 /* EvenSubArrays.xcodeproj */;
				},
				{
					ProductGroup = 30CF67A72D2851A700E96A38 /* Products */;
					ProjectRef = 30CF67A42D2851A700E96A38 /* gcd_deleteone.xcodeproj */;
				},
				{
					ProductGroup = 30CF678C2D28366500E96A38 /* Products */;
					ProjectRef = 30CF67892D28366500E96A38 /* gcd_findgcd.xcodeproj */;
				},
				{
					ProductGroup = 305AB2732CDA87940077F006 /* Products */;
					ProjectRef = 305AB2702CDA87940077F006 /* goodSubArray.xcodeproj */;
				},
				{
					ProductGroup = 30A86EEE2CF903BC00915E19 /* Products */;
					ProjectRef = 30A86EEB2CF903BC00915E19 /* hash_commonElements.xcodeproj */;
				},
				{
					ProductGroup = 30A86F092CF90D1B00915E19 /* Products */;
					ProjectRef = 30A86F062CF90D1B00915E19 /* hash_firstRepeating.xcodeproj */;
				},
				{
					ProductGroup = 30A86F3F2CF9220A00915E19 /* Products */;
					ProjectRef = 30A86F3C2CF9220A00915E19 /* hash_kOccurances.xcodeproj */;
				},
				{
					ProductGroup = 30A86F242CF910CE00915E19 /* Products */;
					ProjectRef = 30A86F212CF910CE00915E19 /* hash_subarrayZero.xcodeproj */;
				},
				{
					ProductGroup = 3010A0F32CD68AAF00269053 /* Products */;
					ProjectRef = 3010A0F02CD68AAF00269053 /* LeaderInArray.xcodeproj */;
				},
				{
					ProductGroup = 302CBE9C2CD7771500E8EE03 /* Products */;
					ProjectRef = 302CBE992CD7771400E8EE03 /* leastAvgSubArray.xcodeproj */;
				},
				{
					ProductGroup = 3036FFCE2D1B08B900122DE3 /* Products */;
					ProjectRef = 3036FFCB2D1B08B900122DE3 /* LL-SwapPairs.xcodeproj */;
				},
				{
					ProductGroup = 303276592CFD6A9500B84426 /* Products */;
					ProjectRef = 303276562CFD6A9400B84426 /* LL_Basic.xcodeproj */;
				},
				{
					ProductGroup = 307D64142D16B27900B70A08 /* Products */;
					ProjectRef = 307D64112D16B27800B70A08 /* LL_Binary2Decci.xcodeproj */;
				},
				{
					ProductGroup = 302086322CFF753D00F19646 /* Products */;
					ProjectRef = 3020862F2CFF753C00F19646 /* LL_DesignLinkedList.xcodeproj */;
				},
				{
					ProductGroup = 30C8D5222D15B75A007BEDB0 /* Products */;
					ProjectRef = 30C8D51F2D15B75A007BEDB0 /* LL_partitionList.xcodeproj */;
				},
				{
					ProductGroup = 307D631E2D15E46B00B70A08 /* Products */;
					ProjectRef = 307D631B2D15E46B00B70A08 /* LL_removeDupl.xcodeproj */;
				},
				{
					ProductGroup = 307D642F2D16C62700B70A08 /* Products */;
					ProjectRef = 307D642C2D16C62600B70A08 /* LL_ReverseBetween.xcodeproj */;
				},
				{
					ProductGroup = 30ED7E3D2D104CB800F47F3A /* Products */;
					ProjectRef = 30ED7E3A2D104CB700F47F3A /* LL_ver2.xcodeproj */;
				},
				{
					ProductGroup = 30B029042CEBA79300EECC28 /* Products */;
					ProjectRef = 30B029012CEBA79200EECC28 /* ma_A_B_Modulo.xcodeproj */;
				},
				{
					ProductGroup = 30A867952CF237E500915E19 /* Products */;
					ProjectRef = 30A867922CF237E500915E19 /* ma_divisibleEight.xcodeproj */;
				},
				{
					ProductGroup = 30B028592CEB997700EECC28 /* Products */;
					ProjectRef = 30B028562CEB997600EECC28 /* ma_exceltitle.xcodeproj */;
				},
				{
					ProductGroup = 305AB31E2CDBCADC0077F006 /* Products */;
					ProjectRef = 305AB31B2CDBCADB0077F006 /* matricAddition.xcodeproj */;
				},
				{
					ProductGroup = 303600E02D1B309000122DE3 /* Products */;
					ProjectRef = 303600DD2D1B309000122DE3 /* matrics_sumSubmatric.xcodeproj */;
				},
				{
					ProductGroup = 305AB3902CDBFA1A0077F006 /* Products */;
					ProjectRef = 305AB38D2CDBFA1A0077F006 /* matrix_col_sum.xcodeproj */;
				},
				{
					ProductGroup = 305AB3752CDBEB6C0077F006 /* Products */;
					ProjectRef = 305AB3722CDBEB6B0077F006 /* matrix_diagnols.xcodeproj */;
				},
				{
					ProductGroup = 305AB48A2CDF79980077F006 /* Products */;
					ProjectRef = 305AB4872CDF79980077F006 /* matrix_equal.xcodeproj */;
				},
				{
					ProductGroup = 305190F02D1C0691002E54FF /* Products */;
					ProjectRef = 305190ED2D1C0691002E54FF /* matrix_findnumnerinsorted.xcodeproj */;
				},
				{
					ProductGroup = 307EB98A2D1F124600B03C4F /* Products */;
					ProjectRef = 307EB9872D1F124600B03C4F /* matrix_maxsubmatrixsum_sorted.xcodeproj */;
				},
				{
					ProductGroup = 3051910D2D1C1AE5002E54FF /* Products */;
					ProjectRef = 3051910A2D1C1AE5002E54FF /* matrix_maxSumSubarray.xcodeproj */;
				},
				{
					ProductGroup = 305AB5142CDFCCDA0077F006 /* Products */;
					ProjectRef = 305AB5112CDFCCD90077F006 /* matrix_minor_diagnol_sum.xcodeproj */;
				},
				{
					ProductGroup = 305AB3AB2CDD373C0077F006 /* Products */;
					ProjectRef = 305AB3A82CDD373B0077F006 /* matrix_multi.xcodeproj */;
				},
				{
					ProductGroup = 305AB4182CDEAE400077F006 /* Products */;
					ProjectRef = 305AB4152CDEAE400077F006 /* matrix_rotate.xcodeproj */;
				},
				{
					ProductGroup = 305AB54A2CDFD9E20077F006 /* Products */;
					ProjectRef = 305AB5472CDFD9E20077F006 /* matrix_row_col_zero.xcodeproj */;
				},
				{
					ProductGroup = 305AB52F2CDFCFA50077F006 /* Products */;
					ProjectRef = 305AB52C2CDFCFA40077F006 /* matrix_row_sum.xcodeproj */;
				},
				{
					ProductGroup = 305AB4F92CDF7D4E0077F006 /* Products */;
					ProjectRef = 305AB4F62CDF7D4E0077F006 /* matrix_scaler_multiplication.xcodeproj */;
				},
				{
					ProductGroup = 30CF65312D25CEAA00E96A38 /* Products */;
					ProjectRef = 30CF652E2D25CEAA00E96A38 /* matrix_sortedBinary.xcodeproj */;
				},
				{
					ProductGroup = 305AB3FD2CDEA1E80077F006 /* Products */;
					ProjectRef = 305AB3FA2CDEA1E70077F006 /* matrix_spiral.xcodeproj */;
				},
				{
					ProductGroup = 305AB3C62CDD3AF20077F006 /* Products */;
					ProjectRef = 305AB3C32CDD3AF20077F006 /* matrix_sub.xcodeproj */;
				},
				{
					ProductGroup = 30518FDA2D1BE3EF002E54FF /* Products */;
					ProjectRef = 30518FD72D1BE3EF002E54FF /* matrix_submatrixsumqueries.xcodeproj */;
				},
				{
					ProductGroup = 305AB5652CDFE7FF0077F006 /* Products */;
					ProjectRef = 305AB5622CDFE7FE0077F006 /* matrix_sum_diagnol.xcodeproj */;
				},
				{
					ProductGroup = 305AB3E12CDD41170077F006 /* Products */;
					ProjectRef = 305AB3DE2CDD41160077F006 /* matrix_transpose.xcodeproj */;
				},
				{
					ProductGroup = 302CBEE42CD7E78E00E8EE03 /* Products */;
					ProjectRef = 302CBEE12CD7E78E00E8EE03 /* maxSubArray.xcodeproj */;
				},
				{
					ProductGroup = 30154D862CD4185100964821 /* Products */;
					ProjectRef = 30154D832CD4185000964821 /* nonDecreasingArr.xcodeproj */;
				},
				{
					ProductGroup = 30B223082CD0012D0004EBB9 /* Products */;
					ProjectRef = 30B223052CD0012D0004EBB9 /* pick.xcodeproj */;
				},
				{
					ProductGroup = 30A3C1662D2926A300F74D84 /* Products */;
					ProjectRef = 30A3C1632D2926A300F74D84 /* PN_CntDivs.xcodeproj */;
				},
				{
					ProductGroup = 3016110A2D2A904C008B1E1B /* Products */;
					ProjectRef = 301611072D2A904C008B1E1B /* PN_DistinctPrimes.xcodeproj */;
				},
				{
					ProductGroup = 30833FA72D2A640400E044FA /* Products */;
					ProjectRef = 30833FA42D2A640400E044FA /* PN_LuckyNumbers.xcodeproj */;
				},
				{
					ProductGroup = 30A3C29B2D29541A00F74D84 /* Products */;
					ProjectRef = 30A3C2982D29541A00F74D84 /* PN_primesum.xcodeproj */;
				},
				{
					ProductGroup = 30154DCD2CD4265800964821 /* Products */;
					ProjectRef = 30154DCA2CD4265800964821 /* productPuzzle.xcodeproj */;
				},
				{
					ProductGroup = 30154D362CD158D200964821 /* Products */;
					ProjectRef = 30154D332CD158D100964821 /* rangeSum.xcodeproj */;
				},
				{
					ProductGroup = 30CD00982D2C3BEB00693E13 /* Products */;
					ProjectRef = 30CD00952D2C3BEB00693E13 /* recursion_graycode.xcodeproj */;
				},
				{
					ProductGroup = 30CDFF542D2C2FC700693E13 /* Products */;
					ProjectRef = 30CDFF512D2C2FC700693E13 /* recursion_towerofhanoi.xcodeproj */;
				},
				{
					ProductGroup = 309E85DC2CCF9DE700C1F988 /* Products */;
					ProjectRef = 309E85D92CCF9DE700C1F988 /* rotateLeft.xcodeproj */;
				},
				{
					ProductGroup = 30A86A532CF4C04400915E19 /* Products */;
					ProjectRef = 30A86A502CF4C04400915E19 /* sorting_arithmaticProgression.xcodeproj */;
				},
				{
					ProductGroup = 30A868E22CF3832800915E19 /* Products */;
					ProjectRef = 30A868DF2CF3832800915E19 /* sorting_colorSort.xcodeproj */;
				},
				{
					ProductGroup = 3023B0D92D2D918F0077A5FE /* Products */;
					ProjectRef = 3023B0D62D2D918F0077A5FE /* sorting_consecutiveelements.xcodeproj */;
				},
				{
					ProductGroup = 3076CCB12D316A30002ECDBC /* Products */;
					ProjectRef = 3076CCAE2D316A30002ECDBC /* sorting_countswapinsertion.xcodeproj */;
				},
				{
					ProductGroup = 30A86ED32CF8FBB600915E19 /* Products */;
					ProjectRef = 30A86ED02CF8FBB600915E19 /* sorting_elementremoval.xcodeproj */;
				},
				{
					ProductGroup = 30A86B0D2CF4D83A00915E19 /* Products */;
					ProjectRef = 30A86B0A2CF4D83A00915E19 /* sorting_factorsSort.xcodeproj */;
				},
				{
					ProductGroup = 30CE26962D30248C00DEF77A /* Products */;
					ProjectRef = 30CE26932D30248C00DEF77A /* sorting_inversioncount.xcodeproj */;
				},
				{
					ProductGroup = 3023B0BE2D2D7AD00077A5FE /* Products */;
					ProjectRef = 3023B0BB2D2D7AD00077A5FE /* sorting_kthSmallest.xcodeproj */;
				},
				{
					ProductGroup = 30A86E0D2CF8BEF800915E19 /* Products */;
					ProjectRef = 30A86E0A2CF8BEF800915E19 /* sorting_largetNumber.xcodeproj */;
				},
				{
					ProductGroup = 3023B0F42D2EDDFA0077A5FE /* Products */;
					ProjectRef = 3023B0F12D2EDDFA0077A5FE /* sorting_maxmod.xcodeproj */;
				},
				{
					ProductGroup = 3023AF742D2D657D0077A5FE /* Products */;
					ProjectRef = 3023AF712D2D657C0077A5FE /* sorting_mergesortdarrays.xcodeproj */;
				},
				{
					ProductGroup = 3023B10F2D2EFC110077A5FE /* Products */;
					ProjectRef = 3023B10C2D2EFC110077A5FE /* sorting_mergesubarray.xcodeproj */;
				},
				{
					ProductGroup = 30A869962CF3A2DB00915E19 /* Products */;
					ProjectRef = 30A869932CF3A2DB00915E19 /* sorting_nobleNumber.xcodeproj */;
				},
				{
					ProductGroup = 30A86B282CF4FD5700915E19 /* Products */;
					ProjectRef = 30A86B252CF4FD5700915E19 /* sorting_PwrModules.xcodeproj */;
				},
				{
					ProductGroup = 3023B12A2D2F02750077A5FE /* Products */;
					ProjectRef = 3023B1272D2F02750077A5FE /* sorting_SortMergeSort.xcodeproj */;
				},
				{
					ProductGroup = 30154D5A2CD272E400964821 /* Products */;
					ProjectRef = 30154D572CD272E400964821 /* specialIndex.xcodeproj */;
				},
				{
					ProductGroup = 30744BA02CD4B67F008B2556 /* Products */;
					ProjectRef = 30744B9D2CD4B67E008B2556 /* specialSubseq.xcodeproj */;
				},
				{
					ProductGroup = 3010A1352CD6A50900269053 /* Products */;
					ProjectRef = 3010A1322CD6A50900269053 /* sumOfSubArrays.xcodeproj */;
				},
				{
					ProductGroup = 30154DB22CD4220A00964821 /* Products */;
					ProjectRef = 30154DAF2CD4220A00964821 /* timetoEquality.xcodeproj */;
				},
			);
			projectRoot = "";
			targets = (
				309E85BB2CCF9D5A00C1F988 /* dsa */,
			);
		};
/* End PBXProject section */

/* Begin PBXSourcesBuildPhase section */
		309E85B82CCF9D5A00C1F988 /* Sources */ = {
			isa = PBXSourcesBuildPhase;
			buildActionMask = 2147483647;
			files = (
			);
			runOnlyForDeploymentPostprocessing = 0;
		};
/* End PBXSourcesBuildPhase section */

/* Begin XCBuildConfiguration section */
		309E85C12CCF9D5A00C1F988 /* Debug */ = {
			isa = XCBuildConfiguration;
			buildSettings = {
				ALWAYS_SEARCH_USER_PATHS = NO;
				ASSETCATALOG_COMPILER_GENERATE_SWIFT_ASSET_SYMBOL_EXTENSIONS = YES;
				CLANG_ANALYZER_NONNULL = YES;
				CLANG_ANALYZER_NUMBER_OBJECT_CONVERSION = YES_AGGRESSIVE;
				CLANG_CXX_LANGUAGE_STANDARD = "gnu++20";
				CLANG_ENABLE_MODULES = YES;
				CLANG_ENABLE_OBJC_ARC = YES;
				CLANG_ENABLE_OBJC_WEAK = YES;
				CLANG_WARN_BLOCK_CAPTURE_AUTORELEASING = YES;
				CLANG_WARN_BOOL_CONVERSION = YES;
				CLANG_WARN_COMMA = YES;
				CLANG_WARN_CONSTANT_CONVERSION = YES;
				CLANG_WARN_DEPRECATED_OBJC_IMPLEMENTATIONS = YES;
				CLANG_WARN_DIRECT_OBJC_ISA_USAGE = YES_ERROR;
				CLANG_WARN_DOCUMENTATION_COMMENTS = YES;
				CLANG_WARN_EMPTY_BODY = YES;
				CLANG_WARN_ENUM_CONVERSION = YES;
				CLANG_WARN_INFINITE_RECURSION = YES;
				CLANG_WARN_INT_CONVERSION = YES;
				CLANG_WARN_NON_LITERAL_NULL_CONVERSION = YES;
				CLANG_WARN_OBJC_IMPLICIT_RETAIN_SELF = YES;
				CLANG_WARN_OBJC_LITERAL_CONVERSION = YES;
				CLANG_WARN_OBJC_ROOT_CLASS = YES_ERROR;
				CLANG_WARN_QUOTED_INCLUDE_IN_FRAMEWORK_HEADER = YES;
				CLANG_WARN_RANGE_LOOP_ANALYSIS = YES;
				CLANG_WARN_STRICT_PROTOTYPES = YES;
				CLANG_WARN_SUSPICIOUS_MOVE = YES;
				CLANG_WARN_UNGUARDED_AVAILABILITY = YES_AGGRESSIVE;
				CLANG_WARN_UNREACHABLE_CODE = YES;
				CLANG_WARN__DUPLICATE_METHOD_MATCH = YES;
				COPY_PHASE_STRIP = NO;
				DEAD_CODE_STRIPPING = YES;
				DEBUG_INFORMATION_FORMAT = dwarf;
				ENABLE_STRICT_OBJC_MSGSEND = YES;
				ENABLE_TESTABILITY = YES;
				ENABLE_USER_SCRIPT_SANDBOXING = YES;
				GCC_C_LANGUAGE_STANDARD = gnu17;
				GCC_DYNAMIC_NO_PIC = NO;
				GCC_NO_COMMON_BLOCKS = YES;
				GCC_OPTIMIZATION_LEVEL = 0;
				GCC_PREPROCESSOR_DEFINITIONS = (
					"DEBUG=1",
					"$(inherited)",
				);
				GCC_WARN_64_TO_32_BIT_CONVERSION = YES;
				GCC_WARN_ABOUT_RETURN_TYPE = YES_ERROR;
				GCC_WARN_UNDECLARED_SELECTOR = YES;
				GCC_WARN_UNINITIALIZED_AUTOS = YES_AGGRESSIVE;
				GCC_WARN_UNUSED_FUNCTION = YES;
				GCC_WARN_UNUSED_VARIABLE = YES;
				LOCALIZATION_PREFERS_STRING_CATALOGS = YES;
				MACOSX_DEPLOYMENT_TARGET = 15.0;
				MTL_ENABLE_DEBUG_INFO = INCLUDE_SOURCE;
				MTL_FAST_MATH = YES;
				ONLY_ACTIVE_ARCH = YES;
				SDKROOT = macosx;
			};
			name = Debug;
		};
		309E85C22CCF9D5A00C1F988 /* Release */ = {
			isa = XCBuildConfiguration;
			buildSettings = {
				ALWAYS_SEARCH_USER_PATHS = NO;
				ASSETCATALOG_COMPILER_GENERATE_SWIFT_ASSET_SYMBOL_EXTENSIONS = YES;
				CLANG_ANALYZER_NONNULL = YES;
				CLANG_ANALYZER_NUMBER_OBJECT_CONVERSION = YES_AGGRESSIVE;
				CLANG_CXX_LANGUAGE_STANDARD = "gnu++20";
				CLANG_ENABLE_MODULES = YES;
				CLANG_ENABLE_OBJC_ARC = YES;
				CLANG_ENABLE_OBJC_WEAK = YES;
				CLANG_WARN_BLOCK_CAPTURE_AUTORELEASING = YES;
				CLANG_WARN_BOOL_CONVERSION = YES;
				CLANG_WARN_COMMA = YES;
				CLANG_WARN_CONSTANT_CONVERSION = YES;
				CLANG_WARN_DEPRECATED_OBJC_IMPLEMENTATIONS = YES;
				CLANG_WARN_DIRECT_OBJC_ISA_USAGE = YES_ERROR;
				CLANG_WARN_DOCUMENTATION_COMMENTS = YES;
				CLANG_WARN_EMPTY_BODY = YES;
				CLANG_WARN_ENUM_CONVERSION = YES;
				CLANG_WARN_INFINITE_RECURSION = YES;
				CLANG_WARN_INT_CONVERSION = YES;
				CLANG_WARN_NON_LITERAL_NULL_CONVERSION = YES;
				CLANG_WARN_OBJC_IMPLICIT_RETAIN_SELF = YES;
				CLANG_WARN_OBJC_LITERAL_CONVERSION = YES;
				CLANG_WARN_OBJC_ROOT_CLASS = YES_ERROR;
				CLANG_WARN_QUOTED_INCLUDE_IN_FRAMEWORK_HEADER = YES;
				CLANG_WARN_RANGE_LOOP_ANALYSIS = YES;
				CLANG_WARN_STRICT_PROTOTYPES = YES;
				CLANG_WARN_SUSPICIOUS_MOVE = YES;
				CLANG_WARN_UNGUARDED_AVAILABILITY = YES_AGGRESSIVE;
				CLANG_WARN_UNREACHABLE_CODE = YES;
				CLANG_WARN__DUPLICATE_METHOD_MATCH = YES;
				COPY_PHASE_STRIP = NO;
				DEAD_CODE_STRIPPING = YES;
				DEBUG_INFORMATION_FORMAT = "dwarf-with-dsym";
				ENABLE_NS_ASSERTIONS = NO;
				ENABLE_STRICT_OBJC_MSGSEND = YES;
				ENABLE_USER_SCRIPT_SANDBOXING = YES;
				GCC_C_LANGUAGE_STANDARD = gnu17;
				GCC_NO_COMMON_BLOCKS = YES;
				GCC_WARN_64_TO_32_BIT_CONVERSION = YES;
				GCC_WARN_ABOUT_RETURN_TYPE = YES_ERROR;
				GCC_WARN_UNDECLARED_SELECTOR = YES;
				GCC_WARN_UNINITIALIZED_AUTOS = YES_AGGRESSIVE;
				GCC_WARN_UNUSED_FUNCTION = YES;
				GCC_WARN_UNUSED_VARIABLE = YES;
				LOCALIZATION_PREFERS_STRING_CATALOGS = YES;
				MACOSX_DEPLOYMENT_TARGET = 15.0;
				MTL_ENABLE_DEBUG_INFO = NO;
				MTL_FAST_MATH = YES;
				SDKROOT = macosx;
			};
			name = Release;
		};
		309E85C42CCF9D5A00C1F988 /* Debug */ = {
			isa = XCBuildConfiguration;
			buildSettings = {
				CODE_SIGN_STYLE = Automatic;
				DEAD_CODE_STRIPPING = YES;
				PRODUCT_NAME = "$(TARGET_NAME)";
			};
			name = Debug;
		};
		309E85C52CCF9D5A00C1F988 /* Release */ = {
			isa = XCBuildConfiguration;
			buildSettings = {
				CODE_SIGN_STYLE = Automatic;
				DEAD_CODE_STRIPPING = YES;
				PRODUCT_NAME = "$(TARGET_NAME)";
			};
			name = Release;
		};
/* End XCBuildConfiguration section */

/* Begin XCConfigurationList section */
		309E85B72CCF9D5A00C1F988 /* Build configuration list for PBXProject "dsa" */ = {
			isa = XCConfigurationList;
			buildConfigurations = (
				309E85C12CCF9D5A00C1F988 /* Debug */,
				309E85C22CCF9D5A00C1F988 /* Release */,
			);
			defaultConfigurationIsVisible = 0;
			defaultConfigurationName = Release;
		};
		309E85C32CCF9D5A00C1F988 /* Build configuration list for PBXNativeTarget "dsa" */ = {
			isa = XCConfigurationList;
			buildConfigurations = (
				309E85C42CCF9D5A00C1F988 /* Debug */,
				309E85C52CCF9D5A00C1F988 /* Release */,
			);
			defaultConfigurationIsVisible = 0;
			defaultConfigurationName = Release;
		};
/* End XCConfigurationList section */
	};
	rootObject = 309E85B42CCF9D5A00C1F988 /* Project object */;
}
