// !$*UTF8*$!
{
	archiveVersion = 1;
	classes = {
	};
	objectVersion = 77;
	objects = {

/* Begin PBXCopyFilesBuildPhase section */
		309E85BA2CCF9D5A00C1F988 /* CopyFiles */ = {
			isa = PBXCopyFilesBuildPhase;
			buildActionMask = 2147483647;
			dstPath = /usr/share/man/man1/;
			dstSubfolderSpec = 0;
			files = (
			);
			runOnlyForDeploymentPostprocessing = 1;
		};
/* End PBXCopyFilesBuildPhase section */

/* Begin PBXFileReference section */
		3010A0872CD62FD900269053 /* EvenSubArrays.xcodeproj */ = {isa = PBXFileReference; lastKnownFileType = "wrapper.pb-project"; name = EvenSubArrays.xcodeproj; path = ../EvenSubArrays/EvenSubArrays.xcodeproj; sourceTree = SOURCE_ROOT; };
		30154D332CD158D100964821 /* rangeSum.xcodeproj */ = {isa = PBXFileReference; lastKnownFileType = "wrapper.pb-project"; name = rangeSum.xcodeproj; path = ../rangeSum/rangeSum.xcodeproj; sourceTree = SOURCE_ROOT; };
		30154D572CD272E400964821 /* specialIndex.xcodeproj */ = {isa = PBXFileReference; lastKnownFileType = "wrapper.pb-project"; name = specialIndex.xcodeproj; path = ../specialIndex/specialIndex.xcodeproj; sourceTree = SOURCE_ROOT; };
		30154D832CD4185000964821 /* nonDecreasingArr.xcodeproj */ = {isa = PBXFileReference; lastKnownFileType = "wrapper.pb-project"; name = nonDecreasingArr.xcodeproj; path = ../nonDecreasingArr/nonDecreasingArr.xcodeproj; sourceTree = SOURCE_ROOT; };
		30154DAF2CD4220A00964821 /* timetoEquality.xcodeproj */ = {isa = PBXFileReference; lastKnownFileType = "wrapper.pb-project"; name = timetoEquality.xcodeproj; path = ../timetoEquality/timetoEquality.xcodeproj; sourceTree = SOURCE_ROOT; };
		30154DCA2CD4265800964821 /* productPuzzle.xcodeproj */ = {isa = PBXFileReference; lastKnownFileType = "wrapper.pb-project"; name = productPuzzle.xcodeproj; path = ../productPuzzle/productPuzzle.xcodeproj; sourceTree = SOURCE_ROOT; };
		305720162CD60C62007E67DD /* amazingSubArr.xcodeproj */ = {isa = PBXFileReference; lastKnownFileType = "wrapper.pb-project"; name = amazingSubArr.xcodeproj; path = ../amazingSubArr/amazingSubArr.xcodeproj; sourceTree = SOURCE_ROOT; };
		30744B9D2CD4B67E008B2556 /* specialSubseq.xcodeproj */ = {isa = PBXFileReference; lastKnownFileType = "wrapper.pb-project"; name = specialSubseq.xcodeproj; path = ../specialSubseq/specialSubseq.xcodeproj; sourceTree = SOURCE_ROOT; };
		30744BD02CD4F611008B2556 /* closetMinMax.xcodeproj */ = {isa = PBXFileReference; lastKnownFileType = "wrapper.pb-project"; name = closetMinMax.xcodeproj; path = ../closetMinMax/closetMinMax.xcodeproj; sourceTree = SOURCE_ROOT; };
		309A04DD2CD551550089093A /* bulbs.xcodeproj */ = {isa = PBXFileReference; lastKnownFileType = "wrapper.pb-project"; name = bulbs.xcodeproj; path = ../bulbs/bulbs.xcodeproj; sourceTree = SOURCE_ROOT; };
		309E85BC2CCF9D5A00C1F988 /* dsa */ = {isa = PBXFileReference; explicitFileType = "compiled.mach-o.executable"; includeInIndex = 0; path = dsa; sourceTree = BUILT_PRODUCTS_DIR; };
		309E85D92CCF9DE700C1F988 /* rotateLeft.xcodeproj */ = {isa = PBXFileReference; lastKnownFileType = "wrapper.pb-project"; name = rotateLeft.xcodeproj; path = ../rotateLeft/rotateLeft.xcodeproj; sourceTree = SOURCE_ROOT; };
		30B222E72CCFBFEA0004EBB9 /* equilibium.xcodeproj */ = {isa = PBXFileReference; lastKnownFileType = "wrapper.pb-project"; name = equilibium.xcodeproj; path = ../equilibium/equilibium.xcodeproj; sourceTree = SOURCE_ROOT; };
		30B223052CD0012D0004EBB9 /* pick.xcodeproj */ = {isa = PBXFileReference; lastKnownFileType = "wrapper.pb-project"; name = pick.xcodeproj; path = ../pick/pick.xcodeproj; sourceTree = SOURCE_ROOT; };
/* End PBXFileReference section */

/* Begin PBXFileSystemSynchronizedRootGroup section */
		309E85BE2CCF9D5A00C1F988 /* helloWorls */ = {
			isa = PBXFileSystemSynchronizedRootGroup;
			path = helloWorls;
			sourceTree = "<group>";
		};
/* End PBXFileSystemSynchronizedRootGroup section */

/* Begin PBXFrameworksBuildPhase section */
		309E85B92CCF9D5A00C1F988 /* Frameworks */ = {
			isa = PBXFrameworksBuildPhase;
			buildActionMask = 2147483647;
			files = (
			);
			runOnlyForDeploymentPostprocessing = 0;
		};
/* End PBXFrameworksBuildPhase section */

/* Begin PBXGroup section */
		3010A08A2CD62FD900269053 /* Products */ = {
			isa = PBXGroup;
			children = (
			);
			name = Products;
			sourceTree = "<group>";
		};
		30154D362CD158D200964821 /* Products */ = {
			isa = PBXGroup;
			children = (
			);
			name = Products;
			sourceTree = "<group>";
		};
		30154D5A2CD272E400964821 /* Products */ = {
			isa = PBXGroup;
			children = (
			);
			name = Products;
			sourceTree = "<group>";
		};
		30154D862CD4185100964821 /* Products */ = {
			isa = PBXGroup;
			children = (
			);
			name = Products;
			sourceTree = "<group>";
		};
		30154DB22CD4220A00964821 /* Products */ = {
			isa = PBXGroup;
			children = (
			);
			name = Products;
			sourceTree = "<group>";
		};
		30154DCD2CD4265800964821 /* Products */ = {
			isa = PBXGroup;
			children = (
			);
			name = Products;
			sourceTree = "<group>";
		};
		305720192CD60C63007E67DD /* Products */ = {
			isa = PBXGroup;
			children = (
			);
			name = Products;
			sourceTree = "<group>";
		};
		30744BA02CD4B67F008B2556 /* Products */ = {
			isa = PBXGroup;
			children = (
			);
			name = Products;
			sourceTree = "<group>";
		};
		30744BD32CD4F612008B2556 /* Products */ = {
			isa = PBXGroup;
			children = (
			);
			name = Products;
			sourceTree = "<group>";
		};
		309A04E02CD551550089093A /* Products */ = {
			isa = PBXGroup;
			children = (
			);
			name = Products;
			sourceTree = "<group>";
		};
		309E85B32CCF9D5A00C1F988 = {
			isa = PBXGroup;
			children = (
				3010A0872CD62FD900269053 /* EvenSubArrays.xcodeproj */,
				305720162CD60C62007E67DD /* amazingSubArr.xcodeproj */,
				309A04DD2CD551550089093A /* bulbs.xcodeproj */,
				30744BD02CD4F611008B2556 /* closetMinMax.xcodeproj */,
				30744B9D2CD4B67E008B2556 /* specialSubseq.xcodeproj */,
				30154DCA2CD4265800964821 /* productPuzzle.xcodeproj */,
				30154DAF2CD4220A00964821 /* timetoEquality.xcodeproj */,
				30154D832CD4185000964821 /* nonDecreasingArr.xcodeproj */,
				30154D572CD272E400964821 /* specialIndex.xcodeproj */,
				30154D332CD158D100964821 /* rangeSum.xcodeproj */,
				30B223052CD0012D0004EBB9 /* pick.xcodeproj */,
				30B222E72CCFBFEA0004EBB9 /* equilibium.xcodeproj */,
				309E85D92CCF9DE700C1F988 /* rotateLeft.xcodeproj */,
				309E85BE2CCF9D5A00C1F988 /* helloWorls */,
				309E85BD2CCF9D5A00C1F988 /* Products */,
			);
			sourceTree = "<group>";
		};
		309E85BD2CCF9D5A00C1F988 /* Products */ = {
			isa = PBXGroup;
			children = (
				309E85BC2CCF9D5A00C1F988 /* dsa */,
			);
			name = Products;
			sourceTree = "<group>";
		};
		309E85DC2CCF9DE700C1F988 /* Products */ = {
			isa = PBXGroup;
			children = (
			);
			name = Products;
			sourceTree = "<group>";
		};
		30B222EA2CCFBFEA0004EBB9 /* Products */ = {
			isa = PBXGroup;
			children = (
			);
			name = Products;
			sourceTree = "<group>";
		};
		30B223082CD0012D0004EBB9 /* Products */ = {
			isa = PBXGroup;
			children = (
			);
			name = Products;
			sourceTree = "<group>";
		};
/* End PBXGroup section */

/* Begin PBXNativeTarget section */
		309E85BB2CCF9D5A00C1F988 /* dsa */ = {
			isa = PBXNativeTarget;
			buildConfigurationList = 309E85C32CCF9D5A00C1F988 /* Build configuration list for PBXNativeTarget "dsa" */;
			buildPhases = (
				309E85B82CCF9D5A00C1F988 /* Sources */,
				309E85B92CCF9D5A00C1F988 /* Frameworks */,
				309E85BA2CCF9D5A00C1F988 /* CopyFiles */,
			);
			buildRules = (
			);
			dependencies = (
			);
			fileSystemSynchronizedGroups = (
				309E85BE2CCF9D5A00C1F988 /* helloWorls */,
			);
			name = dsa;
			packageProductDependencies = (
			);
			productName = dsa;
			productReference = 309E85BC2CCF9D5A00C1F988 /* dsa */;
			productType = "com.apple.product-type.tool";
		};
/* End PBXNativeTarget section */

/* Begin PBXProject section */
		309E85B42CCF9D5A00C1F988 /* Project object */ = {
			isa = PBXProject;
			attributes = {
				BuildIndependentTargetsInParallel = 1;
				LastUpgradeCheck = 1600;
				TargetAttributes = {
					309E85BB2CCF9D5A00C1F988 = {
						CreatedOnToolsVersion = 16.0;
					};
				};
			};
			buildConfigurationList = 309E85B72CCF9D5A00C1F988 /* Build configuration list for PBXProject "dsa" */;
			developmentRegion = en;
			hasScannedForEncodings = 0;
			knownRegions = (
				en,
				Base,
			);
			mainGroup = 309E85B32CCF9D5A00C1F988;
			minimizedProjectReferenceProxies = 1;
			preferredProjectObjectVersion = 77;
			productRefGroup = 309E85BD2CCF9D5A00C1F988 /* Products */;
			projectDirPath = "";
			projectReferences = (
				{
					ProductGroup = 305720192CD60C63007E67DD /* Products */;
					ProjectRef = 305720162CD60C62007E67DD /* amazingSubArr.xcodeproj */;
				},
				{
					ProductGroup = 309A04E02CD551550089093A /* Products */;
					ProjectRef = 309A04DD2CD551550089093A /* bulbs.xcodeproj */;
				},
				{
					ProductGroup = 30744BD32CD4F612008B2556 /* Products */;
					ProjectRef = 30744BD02CD4F611008B2556 /* closetMinMax.xcodeproj */;
				},
				{
					ProductGroup = 30B222EA2CCFBFEA0004EBB9 /* Products */;
					ProjectRef = 30B222E72CCFBFEA0004EBB9 /* equilibium.xcodeproj */;
				},
				{
					ProductGroup = 3010A08A2CD62FD900269053 /* Products */;
					ProjectRef = 3010A0872CD62FD900269053 /* EvenSubArrays.xcodeproj */;
				},
				{
					ProductGroup = 30154D862CD4185100964821 /* Products */;
					ProjectRef = 30154D832CD4185000964821 /* nonDecreasingArr.xcodeproj */;
				},
				{
					ProductGroup = 30B223082CD0012D0004EBB9 /* Products */;
					ProjectRef = 30B223052CD0012D0004EBB9 /* pick.xcodeproj */;
				},
				{
					ProductGroup = 30154DCD2CD4265800964821 /* Products */;
					ProjectRef = 30154DCA2CD4265800964821 /* productPuzzle.xcodeproj */;
				},
				{
					ProductGroup = 30154D362CD158D200964821 /* Products */;
					ProjectRef = 30154D332CD158D100964821 /* rangeSum.xcodeproj */;
				},
				{
					ProductGroup = 309E85DC2CCF9DE700C1F988 /* Products */;
					ProjectRef = 309E85D92CCF9DE700C1F988 /* rotateLeft.xcodeproj */;
				},
				{
					ProductGroup = 30154D5A2CD272E400964821 /* Products */;
					ProjectRef = 30154D572CD272E400964821 /* specialIndex.xcodeproj */;
				},
				{
					ProductGroup = 30744BA02CD4B67F008B2556 /* Products */;
					ProjectRef = 30744B9D2CD4B67E008B2556 /* specialSubseq.xcodeproj */;
				},
				{
					ProductGroup = 30154DB22CD4220A00964821 /* Products */;
					ProjectRef = 30154DAF2CD4220A00964821 /* timetoEquality.xcodeproj */;
				},
			);
			projectRoot = "";
			targets = (
				309E85BB2CCF9D5A00C1F988 /* dsa */,
			);
		};
/* End PBXProject section */

/* Begin PBXSourcesBuildPhase section */
		309E85B82CCF9D5A00C1F988 /* Sources */ = {
			isa = PBXSourcesBuildPhase;
			buildActionMask = 2147483647;
			files = (
			);
			runOnlyForDeploymentPostprocessing = 0;
		};
/* End PBXSourcesBuildPhase section */

/* Begin XCBuildConfiguration section */
		309E85C12CCF9D5A00C1F988 /* Debug */ = {
			isa = XCBuildConfiguration;
			buildSettings = {
				ALWAYS_SEARCH_USER_PATHS = NO;
				ASSETCATALOG_COMPILER_GENERATE_SWIFT_ASSET_SYMBOL_EXTENSIONS = YES;
				CLANG_ANALYZER_NONNULL = YES;
				CLANG_ANALYZER_NUMBER_OBJECT_CONVERSION = YES_AGGRESSIVE;
				CLANG_CXX_LANGUAGE_STANDARD = "gnu++20";
				CLANG_ENABLE_MODULES = YES;
				CLANG_ENABLE_OBJC_ARC = YES;
				CLANG_ENABLE_OBJC_WEAK = YES;
				CLANG_WARN_BLOCK_CAPTURE_AUTORELEASING = YES;
				CLANG_WARN_BOOL_CONVERSION = YES;
				CLANG_WARN_COMMA = YES;
				CLANG_WARN_CONSTANT_CONVERSION = YES;
				CLANG_WARN_DEPRECATED_OBJC_IMPLEMENTATIONS = YES;
				CLANG_WARN_DIRECT_OBJC_ISA_USAGE = YES_ERROR;
				CLANG_WARN_DOCUMENTATION_COMMENTS = YES;
				CLANG_WARN_EMPTY_BODY = YES;
				CLANG_WARN_ENUM_CONVERSION = YES;
				CLANG_WARN_INFINITE_RECURSION = YES;
				CLANG_WARN_INT_CONVERSION = YES;
				CLANG_WARN_NON_LITERAL_NULL_CONVERSION = YES;
				CLANG_WARN_OBJC_IMPLICIT_RETAIN_SELF = YES;
				CLANG_WARN_OBJC_LITERAL_CONVERSION = YES;
				CLANG_WARN_OBJC_ROOT_CLASS = YES_ERROR;
				CLANG_WARN_QUOTED_INCLUDE_IN_FRAMEWORK_HEADER = YES;
				CLANG_WARN_RANGE_LOOP_ANALYSIS = YES;
				CLANG_WARN_STRICT_PROTOTYPES = YES;
				CLANG_WARN_SUSPICIOUS_MOVE = YES;
				CLANG_WARN_UNGUARDED_AVAILABILITY = YES_AGGRESSIVE;
				CLANG_WARN_UNREACHABLE_CODE = YES;
				CLANG_WARN__DUPLICATE_METHOD_MATCH = YES;
				COPY_PHASE_STRIP = NO;
				DEBUG_INFORMATION_FORMAT = dwarf;
				ENABLE_STRICT_OBJC_MSGSEND = YES;
				ENABLE_TESTABILITY = YES;
				ENABLE_USER_SCRIPT_SANDBOXING = YES;
				GCC_C_LANGUAGE_STANDARD = gnu17;
				GCC_DYNAMIC_NO_PIC = NO;
				GCC_NO_COMMON_BLOCKS = YES;
				GCC_OPTIMIZATION_LEVEL = 0;
				GCC_PREPROCESSOR_DEFINITIONS = (
					"DEBUG=1",
					"$(inherited)",
				);
				GCC_WARN_64_TO_32_BIT_CONVERSION = YES;
				GCC_WARN_ABOUT_RETURN_TYPE = YES_ERROR;
				GCC_WARN_UNDECLARED_SELECTOR = YES;
				GCC_WARN_UNINITIALIZED_AUTOS = YES_AGGRESSIVE;
				GCC_WARN_UNUSED_FUNCTION = YES;
				GCC_WARN_UNUSED_VARIABLE = YES;
				LOCALIZATION_PREFERS_STRING_CATALOGS = YES;
				MACOSX_DEPLOYMENT_TARGET = 15.0;
				MTL_ENABLE_DEBUG_INFO = INCLUDE_SOURCE;
				MTL_FAST_MATH = YES;
				ONLY_ACTIVE_ARCH = YES;
				SDKROOT = macosx;
			};
			name = Debug;
		};
		309E85C22CCF9D5A00C1F988 /* Release */ = {
			isa = XCBuildConfiguration;
			buildSettings = {
				ALWAYS_SEARCH_USER_PATHS = NO;
				ASSETCATALOG_COMPILER_GENERATE_SWIFT_ASSET_SYMBOL_EXTENSIONS = YES;
				CLANG_ANALYZER_NONNULL = YES;
				CLANG_ANALYZER_NUMBER_OBJECT_CONVERSION = YES_AGGRESSIVE;
				CLANG_CXX_LANGUAGE_STANDARD = "gnu++20";
				CLANG_ENABLE_MODULES = YES;
				CLANG_ENABLE_OBJC_ARC = YES;
				CLANG_ENABLE_OBJC_WEAK = YES;
				CLANG_WARN_BLOCK_CAPTURE_AUTORELEASING = YES;
				CLANG_WARN_BOOL_CONVERSION = YES;
				CLANG_WARN_COMMA = YES;
				CLANG_WARN_CONSTANT_CONVERSION = YES;
				CLANG_WARN_DEPRECATED_OBJC_IMPLEMENTATIONS = YES;
				CLANG_WARN_DIRECT_OBJC_ISA_USAGE = YES_ERROR;
				CLANG_WARN_DOCUMENTATION_COMMENTS = YES;
				CLANG_WARN_EMPTY_BODY = YES;
				CLANG_WARN_ENUM_CONVERSION = YES;
				CLANG_WARN_INFINITE_RECURSION = YES;
				CLANG_WARN_INT_CONVERSION = YES;
				CLANG_WARN_NON_LITERAL_NULL_CONVERSION = YES;
				CLANG_WARN_OBJC_IMPLICIT_RETAIN_SELF = YES;
				CLANG_WARN_OBJC_LITERAL_CONVERSION = YES;
				CLANG_WARN_OBJC_ROOT_CLASS = YES_ERROR;
				CLANG_WARN_QUOTED_INCLUDE_IN_FRAMEWORK_HEADER = YES;
				CLANG_WARN_RANGE_LOOP_ANALYSIS = YES;
				CLANG_WARN_STRICT_PROTOTYPES = YES;
				CLANG_WARN_SUSPICIOUS_MOVE = YES;
				CLANG_WARN_UNGUARDED_AVAILABILITY = YES_AGGRESSIVE;
				CLANG_WARN_UNREACHABLE_CODE = YES;
				CLANG_WARN__DUPLICATE_METHOD_MATCH = YES;
				COPY_PHASE_STRIP = NO;
				DEBUG_INFORMATION_FORMAT = "dwarf-with-dsym";
				ENABLE_NS_ASSERTIONS = NO;
				ENABLE_STRICT_OBJC_MSGSEND = YES;
				ENABLE_USER_SCRIPT_SANDBOXING = YES;
				GCC_C_LANGUAGE_STANDARD = gnu17;
				GCC_NO_COMMON_BLOCKS = YES;
				GCC_WARN_64_TO_32_BIT_CONVERSION = YES;
				GCC_WARN_ABOUT_RETURN_TYPE = YES_ERROR;
				GCC_WARN_UNDECLARED_SELECTOR = YES;
				GCC_WARN_UNINITIALIZED_AUTOS = YES_AGGRESSIVE;
				GCC_WARN_UNUSED_FUNCTION = YES;
				GCC_WARN_UNUSED_VARIABLE = YES;
				LOCALIZATION_PREFERS_STRING_CATALOGS = YES;
				MACOSX_DEPLOYMENT_TARGET = 15.0;
				MTL_ENABLE_DEBUG_INFO = NO;
				MTL_FAST_MATH = YES;
				SDKROOT = macosx;
			};
			name = Release;
		};
		309E85C42CCF9D5A00C1F988 /* Debug */ = {
			isa = XCBuildConfiguration;
			buildSettings = {
				CODE_SIGN_STYLE = Automatic;
				PRODUCT_NAME = "$(TARGET_NAME)";
			};
			name = Debug;
		};
		309E85C52CCF9D5A00C1F988 /* Release */ = {
			isa = XCBuildConfiguration;
			buildSettings = {
				CODE_SIGN_STYLE = Automatic;
				PRODUCT_NAME = "$(TARGET_NAME)";
			};
			name = Release;
		};
/* End XCBuildConfiguration section */

/* Begin XCConfigurationList section */
		309E85B72CCF9D5A00C1F988 /* Build configuration list for PBXProject "dsa" */ = {
			isa = XCConfigurationList;
			buildConfigurations = (
				309E85C12CCF9D5A00C1F988 /* Debug */,
				309E85C22CCF9D5A00C1F988 /* Release */,
			);
			defaultConfigurationIsVisible = 0;
			defaultConfigurationName = Release;
		};
		309E85C32CCF9D5A00C1F988 /* Build configuration list for PBXNativeTarget "dsa" */ = {
			isa = XCConfigurationList;
			buildConfigurations = (
				309E85C42CCF9D5A00C1F988 /* Debug */,
				309E85C52CCF9D5A00C1F988 /* Release */,
			);
			defaultConfigurationIsVisible = 0;
			defaultConfigurationName = Release;
		};
/* End XCConfigurationList section */
	};
	rootObject = 309E85B42CCF9D5A00C1F988 /* Project object */;
}
